Microsoft Visual Studio Solution File, Format Version 12.00
# Visual Studio Version 16
VisualStudioVersion = 16.0.29806.167
MinimumVisualStudioVersion = 10.0.40219.1
Project("{FAE04EC0-301F-11D3-BF4B-00C04F79EFBC}") = "THIERRYBREHON.FR.NSR.nfw", "..\THIERRYBREHON.FR.nfw.Essentiels\THIERRYBREHON.FR.NSR\THIERRYBREHON.FR.NSR.nfw.csproj", "{7A7F359E-2622-4116-9986-81E3E0DF44C5}"
EndProject
Project("{FAE04EC0-301F-11D3-BF4B-00C04F79EFBC}") = "THIERRYBREHON.FR.NSS.nfw", "..\THIERRYBREHON.FR.nfw.Sql\THIERRYBREHON.FR.NSS\THIERRYBREHON.FR.NSS.nfw.csproj", "{BFFC1DBC-8786-4C6C-939F-341FDF249CEA}"
EndProject
Project("{FAE04EC0-301F-11D3-BF4B-00C04F79EFBC}") = "THIERRYBREHON.FR.NSD.nfw", "..\THIERRYBREHON.FR.nfw.Data\THIERRYBREHON.FR.NSD\THIERRYBREHON.FR.NSD.nfw.csproj", "{D69A5D34-4801-4B71-9894-2A5BAF7106DC}"
EndProject
Project("{FAE04EC0-301F-11D3-BF4B-00C04F79EFBC}") = "THIERRYBREHON.FR.Web.nfw", "..\THIERRYBREHON.FR.nfw.Ihm\THIERRYBREHON.FR.Web\THIERRYBREHON.FR.Web.nfw.csproj", "{4CDE8606-1C4B-413D-826D-D78E06503226}"
EndProject
Project("{FAE04EC0-301F-11D3-BF4B-00C04F79EFBC}") = "THIERRYBREHON.FR.X.nfw", "..\THIERRYBREHON.FR.nfw.Essentiels\THIERRYBREHON.FR.X\THIERRYBREHON.FR.X.nfw.csproj", "{01FF894B-C015-4319-9515-AAFA481D5C86}"
EndProject
Project("{FAE04EC0-301F-11D3-BF4B-00C04F79EFBC}") = "THIERRYBREHON.FR.NSP.nfw", "..\THIERRYBREHON.FR.nfw.Ihm\THIERRYBREHON.FR.NSP\THIERRYBREHON.FR.NSP.nfw.csproj", "{1F9B8EE3-54B0-4DF8-A88E-730442D81140}"
EndProject
Project("{FAE04EC0-301F-11D3-BF4B-00C04F79EFBC}") = "THIERRYBREHON.FR.NSB.nfw", "..\THIERRYBREHON.FR.nfw.Business\THIERRYBREHON.FR.NSB\THIERRYBREHON.FR.NSB.nfw.csproj", "{F6674262-6F68-4E5B-B98E-2046996FB3C9}"
EndProject
Project("{FAE04EC0-301F-11D3-BF4B-00C04F79EFBC}") = "ET_Thierry.NSD.nfw", "..\THIERRYBREHON.FR.nfw.Thierry\ET_Thierry.NSD\ET_Thierry.NSD.nfw.csproj", "{F11402CF-EC92-4BDC-8503-2455B292109F}"
EndProject
Project("{FAE04EC0-301F-11D3-BF4B-00C04F79EFBC}") = "ET_Thierry.NSS.nfw", "..\THIERRYBREHON.FR.nfw.Thierry\ET_Thierry.NSS\ET_Thierry.NSS.nfw.csproj", "{6DCAD0D9-5901-4371-BE93-11C4190434E9}"
EndProject
Project("{FAE04EC0-301F-11D3-BF4B-00C04F79EFBC}") = "ET_Thierry.NSB.nfw", "..\THIERRYBREHON.FR.nfw.Thierry\ET_Thierry.NSB\ET_Thierry.NSB.nfw.csproj", "{41F469A9-B99A-4952-B715-2E28B19D606D}"
EndProject
Project("{FAE04EC0-301F-11D3-BF4B-00C04F79EFBC}") = "ET_Thierry.NSP.nfw", "..\THIERRYBREHON.FR.nfw.Thierry\ET_Thierry.NSP\ET_Thierry.NSP.nfw.csproj", "{46F8C4C8-1767-4588-ADC4-D9C6D735F5BB}"
EndProject
Project("{FAE04EC0-301F-11D3-BF4B-00C04F79EFBC}") = "ET_Thierry.NSR.nfw", "..\THIERRYBREHON.FR.nfw.Thierry\ET_Thierry.NSR\ET_Thierry.NSR.nfw.csproj", "{7731B5EC-A085-4249-A252-31B6A76CE9D9}"
EndProject
Project("{FAE04EC0-301F-11D3-BF4B-00C04F79EFBC}") = "SERV_THIERRYBREHON.FR.SERVICE.ImpExp.nfw", "..\THIERRYBREHON.FR.nfw.Service\SERV_THIERRYBREHON.FR.SERVICE.ImpExp\SERV_THIERRYBREHON.FR.SERVICE.ImpExp.nfw.csproj", "{DD11BEE6-A762-4A66-A107-917E9935AD01}"
EndProject
Project("{FAE04EC0-301F-11D3-BF4B-00C04F79EFBC}") = "THIERRYBREHON.FR.X.MSSQL.nfw", "..\THIERRYBREHON.FR.nfw.Essentiels\THIERRYBREHON.FR.X.MSSQL\THIERRYBREHON.FR.X.MSSQL.nfw.csproj", "{3F521A2D-5AA9-4CF4-81FF-84DB06957154}"
EndProject
Project("{FAE04EC0-301F-11D3-BF4B-00C04F79EFBC}") = "SERV_THIERRYBREHON.FR.SERVICE.NSD.nfw", "..\THIERRYBREHON.FR.nfw.Service\SERV_THIERRYBREHON.FR.SERVICE.NSD\SERV_THIERRYBREHON.FR.SERVICE.NSD.nfw.csproj", "{4CFB0649-7B8C-44AB-B69E-A46545BBC2E8}"
EndProject
Project("{FAE04EC0-301F-11D3-BF4B-00C04F79EFBC}") = "SERV_THIERRYBREHON.FR.SERVICE.NSS.nfw", "..\THIERRYBREHON.FR.nfw.Service\SERV_THIERRYBREHON.FR.SERVICE.NSS\SERV_THIERRYBREHON.FR.SERVICE.NSS.nfw.csproj", "{DA9242B1-F0AB-4C5F-AED1-FBD2D03C5B1F}"
EndProject
Project("{FAE04EC0-301F-11D3-BF4B-00C04F79EFBC}") = "SERV_THIERRYBREHON.FR.SERVICE.NSB.nfw", "..\THIERRYBREHON.FR.nfw.Service\SERV_THIERRYBREHON.FR.SERVICE.NSB\SERV_THIERRYBREHON.FR.SERVICE.NSB.nfw.csproj", "{38BBB8E2-230F-4FA8-B098-C0F5AE2C2796}"
EndProject
Project("{FAE04EC0-301F-11D3-BF4B-00C04F79EFBC}") = "SERV_THIERRYBREHON.FR.SERVICE.NSR.nfw", "..\THIERRYBREHON.FR.nfw.Service\SERV_THIERRYBREHON.FR.SERVICE.NSR\SERV_THIERRYBREHON.FR.SERVICE.NSR.nfw.csproj", "{4425BAE1-934C-42B1-B5DC-D26E12D25DD9}"
EndProject
Project("{FAE04EC0-301F-11D3-BF4B-00C04F79EFBC}") = "THIERRYBREHON.FR.NSE.nfw", "..\THIERRYBREHON.FR.nfw.Essentiels\THIERRYBREHON.FR.NSE\THIERRYBREHON.FR.NSE.nfw.csproj", "{B3015E70-9DC9-4811-8557-88ADCAE52441}"
EndProject
Project("{FAE04EC0-301F-11D3-BF4B-00C04F79EFBC}") = "DB_DataBasePL.NSR.nfw", "DBPL_DataBasePL.NSR\DB_DataBasePL.NSR.nfw.csproj", "{8D7E139A-974B-4FF8-AACB-3721CB428AD8}"
EndProject
Project("{FAE04EC0-301F-11D3-BF4B-00C04F79EFBC}") = "DB_DataBasePL.NSD.nfw", "DBPL_DataBasePL.NSD\DB_DataBasePL.NSD.nfw.csproj", "{0F2DDD54-A46A-4EFA-A20D-50DD7E83E7DA}"
EndProject
Project("{FAE04EC0-301F-11D3-BF4B-00C04F79EFBC}") = "DB_DataBasePL.NSS.nfw", "DBPL_DataBasePL.NSS\DB_DataBasePL.NSS.nfw.csproj", "{1B376FC5-7979-4ACE-9873-6CB1D046FF90}"
EndProject
Project("{FAE04EC0-301F-11D3-BF4B-00C04F79EFBC}") = "DB_DataBasePL.NSB.nfw", "DBPL_DataBasePL.NSB\DB_DataBasePL.NSB.nfw.csproj", "{658E433B-916A-4865-A4D6-37DB898D3438}"
EndProject
Project("{FAE04EC0-301F-11D3-BF4B-00C04F79EFBC}") = "PL_Planning.NSR.nfw", "PL_Planning.NSR\PL_Planning.NSR.nfw.csproj", "{39EB1621-25D3-4801-A8FF-20A914174BD9}"
EndProject
Project("{FAE04EC0-301F-11D3-BF4B-00C04F79EFBC}") = "PL_Planning.NSD.nfw", "PL_Planning.NSD\PL_Planning.NSD.nfw.csproj", "{51CFB881-54D0-4938-B835-422C81DDFE58}"
EndProject
Project("{FAE04EC0-301F-11D3-BF4B-00C04F79EFBC}") = "PL_Planning.NSS.nfw", "PL_Planning.NSS\PL_Planning.NSS.nfw.csproj", "{5C76B098-4D63-4498-A58C-2201CC6CBB40}"
EndProject
Project("{FAE04EC0-301F-11D3-BF4B-00C04F79EFBC}") = "PL_Planning.NSB.nfw", "PL_Planning.NSB\PL_Planning.NSB.nfw.csproj", "{A26D9D9B-0BF9-4DC2-ADB8-D1AD86B484D3}"
EndProject
Project("{FAE04EC0-301F-11D3-BF4B-00C04F79EFBC}") = "PL_Planning.NSP.nfw", "PL_Planning.NSP\PL_Planning.NSP.nfw.csproj", "{F133785A-0C66-485B-B1E2-863352B56A6C}"
EndProject
Global
	GlobalSection(SolutionConfigurationPlatforms) = preSolution
		Debug|.NET = Debug|.NET
		Debug|Any CPU = Debug|Any CPU
		Debug|Mixed Platforms = Debug|Mixed Platforms
		Debug|x86 = Debug|x86
		Release|.NET = Release|.NET
		Release|Any CPU = Release|Any CPU
		Release|Mixed Platforms = Release|Mixed Platforms
		Release|x86 = Release|x86
	EndGlobalSection
	GlobalSection(ProjectConfigurationPlatforms) = postSolution
		{7A7F359E-2622-4116-9986-81E3E0DF44C5}.Debug|.NET.ActiveCfg = Debug|Any CPU
		{7A7F359E-2622-4116-9986-81E3E0DF44C5}.Debug|Any CPU.ActiveCfg = Debug|Any CPU
		{7A7F359E-2622-4116-9986-81E3E0DF44C5}.Debug|Any CPU.Build.0 = Debug|Any CPU
		{7A7F359E-2622-4116-9986-81E3E0DF44C5}.Debug|Mixed Platforms.ActiveCfg = Debug|Any CPU
		{7A7F359E-2622-4116-9986-81E3E0DF44C5}.Debug|Mixed Platforms.Build.0 = Debug|Any CPU
		{7A7F359E-2622-4116-9986-81E3E0DF44C5}.Debug|x86.ActiveCfg = Debug|Any CPU
		{7A7F359E-2622-4116-9986-81E3E0DF44C5}.Release|.NET.ActiveCfg = Release|Any CPU
		{7A7F359E-2622-4116-9986-81E3E0DF44C5}.Release|.NET.Build.0 = Release|Any CPU
		{7A7F359E-2622-4116-9986-81E3E0DF44C5}.Release|Any CPU.ActiveCfg = Release|Any CPU
		{7A7F359E-2622-4116-9986-81E3E0DF44C5}.Release|Any CPU.Build.0 = Release|Any CPU
		{7A7F359E-2622-4116-9986-81E3E0DF44C5}.Release|Mixed Platforms.ActiveCfg = Release|Any CPU
		{7A7F359E-2622-4116-9986-81E3E0DF44C5}.Release|Mixed Platforms.Build.0 = Release|Any CPU
		{7A7F359E-2622-4116-9986-81E3E0DF44C5}.Release|x86.ActiveCfg = Release|Any CPU
		{BFFC1DBC-8786-4C6C-939F-341FDF249CEA}.Debug|.NET.ActiveCfg = Debug|Any CPU
		{BFFC1DBC-8786-4C6C-939F-341FDF249CEA}.Debug|Any CPU.ActiveCfg = Debug|Any CPU
		{BFFC1DBC-8786-4C6C-939F-341FDF249CEA}.Debug|Any CPU.Build.0 = Debug|Any CPU
		{BFFC1DBC-8786-4C6C-939F-341FDF249CEA}.Debug|Mixed Platforms.ActiveCfg = Debug|Any CPU
		{BFFC1DBC-8786-4C6C-939F-341FDF249CEA}.Debug|Mixed Platforms.Build.0 = Debug|Any CPU
		{BFFC1DBC-8786-4C6C-939F-341FDF249CEA}.Debug|x86.ActiveCfg = Debug|Any CPU
		{BFFC1DBC-8786-4C6C-939F-341FDF249CEA}.Release|.NET.ActiveCfg = Release|Any CPU
		{BFFC1DBC-8786-4C6C-939F-341FDF249CEA}.Release|.NET.Build.0 = Release|Any CPU
		{BFFC1DBC-8786-4C6C-939F-341FDF249CEA}.Release|Any CPU.ActiveCfg = Release|Any CPU
		{BFFC1DBC-8786-4C6C-939F-341FDF249CEA}.Release|Any CPU.Build.0 = Release|Any CPU
		{BFFC1DBC-8786-4C6C-939F-341FDF249CEA}.Release|Mixed Platforms.ActiveCfg = Release|Any CPU
		{BFFC1DBC-8786-4C6C-939F-341FDF249CEA}.Release|Mixed Platforms.Build.0 = Release|Any CPU
		{BFFC1DBC-8786-4C6C-939F-341FDF249CEA}.Release|x86.ActiveCfg = Release|Any CPU
		{D69A5D34-4801-4B71-9894-2A5BAF7106DC}.Debug|.NET.ActiveCfg = Debug|Any CPU
		{D69A5D34-4801-4B71-9894-2A5BAF7106DC}.Debug|Any CPU.ActiveCfg = Debug|Any CPU
		{D69A5D34-4801-4B71-9894-2A5BAF7106DC}.Debug|Any CPU.Build.0 = Debug|Any CPU
		{D69A5D34-4801-4B71-9894-2A5BAF7106DC}.Debug|Mixed Platforms.ActiveCfg = Debug|Any CPU
		{D69A5D34-4801-4B71-9894-2A5BAF7106DC}.Debug|Mixed Platforms.Build.0 = Debug|Any CPU
		{D69A5D34-4801-4B71-9894-2A5BAF7106DC}.Debug|x86.ActiveCfg = Debug|Any CPU
		{D69A5D34-4801-4B71-9894-2A5BAF7106DC}.Release|.NET.ActiveCfg = Release|Any CPU
		{D69A5D34-4801-4B71-9894-2A5BAF7106DC}.Release|.NET.Build.0 = Release|Any CPU
		{D69A5D34-4801-4B71-9894-2A5BAF7106DC}.Release|Any CPU.ActiveCfg = Release|Any CPU
		{D69A5D34-4801-4B71-9894-2A5BAF7106DC}.Release|Any CPU.Build.0 = Release|Any CPU
		{D69A5D34-4801-4B71-9894-2A5BAF7106DC}.Release|Mixed Platforms.ActiveCfg = Release|Any CPU
		{D69A5D34-4801-4B71-9894-2A5BAF7106DC}.Release|Mixed Platforms.Build.0 = Release|Any CPU
		{D69A5D34-4801-4B71-9894-2A5BAF7106DC}.Release|x86.ActiveCfg = Release|Any CPU
		{4CDE8606-1C4B-413D-826D-D78E06503226}.Debug|.NET.ActiveCfg = Debug|Any CPU
		{4CDE8606-1C4B-413D-826D-D78E06503226}.Debug|Any CPU.ActiveCfg = Debug|Any CPU
		{4CDE8606-1C4B-413D-826D-D78E06503226}.Debug|Any CPU.Build.0 = Debug|Any CPU
		{4CDE8606-1C4B-413D-826D-D78E06503226}.Debug|Mixed Platforms.ActiveCfg = Debug|Any CPU
		{4CDE8606-1C4B-413D-826D-D78E06503226}.Debug|Mixed Platforms.Build.0 = Debug|Any CPU
		{4CDE8606-1C4B-413D-826D-D78E06503226}.Debug|x86.ActiveCfg = Debug|Any CPU
		{4CDE8606-1C4B-413D-826D-D78E06503226}.Release|.NET.ActiveCfg = Release|Any CPU
		{4CDE8606-1C4B-413D-826D-D78E06503226}.Release|.NET.Build.0 = Release|Any CPU
		{4CDE8606-1C4B-413D-826D-D78E06503226}.Release|Any CPU.ActiveCfg = Release|Any CPU
		{4CDE8606-1C4B-413D-826D-D78E06503226}.Release|Any CPU.Build.0 = Release|Any CPU
		{4CDE8606-1C4B-413D-826D-D78E06503226}.Release|Mixed Platforms.ActiveCfg = Release|Any CPU
		{4CDE8606-1C4B-413D-826D-D78E06503226}.Release|Mixed Platforms.Build.0 = Release|Any CPU
		{4CDE8606-1C4B-413D-826D-D78E06503226}.Release|x86.ActiveCfg = Release|Any CPU
		{01FF894B-C015-4319-9515-AAFA481D5C86}.Debug|.NET.ActiveCfg = Debug|Any CPU
		{01FF894B-C015-4319-9515-AAFA481D5C86}.Debug|Any CPU.ActiveCfg = Debug|Any CPU
		{01FF894B-C015-4319-9515-AAFA481D5C86}.Debug|Any CPU.Build.0 = Debug|Any CPU
		{01FF894B-C015-4319-9515-AAFA481D5C86}.Debug|Mixed Platforms.ActiveCfg = Debug|Any CPU
		{01FF894B-C015-4319-9515-AAFA481D5C86}.Debug|Mixed Platforms.Build.0 = Debug|Any CPU
		{01FF894B-C015-4319-9515-AAFA481D5C86}.Debug|x86.ActiveCfg = Debug|Any CPU
		{01FF894B-C015-4319-9515-AAFA481D5C86}.Release|.NET.ActiveCfg = Release|Any CPU
		{01FF894B-C015-4319-9515-AAFA481D5C86}.Release|.NET.Build.0 = Release|Any CPU
		{01FF894B-C015-4319-9515-AAFA481D5C86}.Release|Any CPU.ActiveCfg = Release|Any CPU
		{01FF894B-C015-4319-9515-AAFA481D5C86}.Release|Any CPU.Build.0 = Release|Any CPU
		{01FF894B-C015-4319-9515-AAFA481D5C86}.Release|Mixed Platforms.ActiveCfg = Release|Any CPU
		{01FF894B-C015-4319-9515-AAFA481D5C86}.Release|Mixed Platforms.Build.0 = Release|Any CPU
		{01FF894B-C015-4319-9515-AAFA481D5C86}.Release|x86.ActiveCfg = Release|Any CPU
		{1F9B8EE3-54B0-4DF8-A88E-730442D81140}.Debug|.NET.ActiveCfg = Debug|Any CPU
		{1F9B8EE3-54B0-4DF8-A88E-730442D81140}.Debug|Any CPU.ActiveCfg = Debug|Any CPU
		{1F9B8EE3-54B0-4DF8-A88E-730442D81140}.Debug|Any CPU.Build.0 = Debug|Any CPU
		{1F9B8EE3-54B0-4DF8-A88E-730442D81140}.Debug|Mixed Platforms.ActiveCfg = Debug|Any CPU
		{1F9B8EE3-54B0-4DF8-A88E-730442D81140}.Debug|Mixed Platforms.Build.0 = Debug|Any CPU
		{1F9B8EE3-54B0-4DF8-A88E-730442D81140}.Debug|x86.ActiveCfg = Debug|Any CPU
		{1F9B8EE3-54B0-4DF8-A88E-730442D81140}.Release|.NET.ActiveCfg = Release|Any CPU
		{1F9B8EE3-54B0-4DF8-A88E-730442D81140}.Release|.NET.Build.0 = Release|Any CPU
		{1F9B8EE3-54B0-4DF8-A88E-730442D81140}.Release|Any CPU.ActiveCfg = Release|Any CPU
		{1F9B8EE3-54B0-4DF8-A88E-730442D81140}.Release|Any CPU.Build.0 = Release|Any CPU
		{1F9B8EE3-54B0-4DF8-A88E-730442D81140}.Release|Mixed Platforms.ActiveCfg = Release|Any CPU
		{1F9B8EE3-54B0-4DF8-A88E-730442D81140}.Release|Mixed Platforms.Build.0 = Release|Any CPU
		{1F9B8EE3-54B0-4DF8-A88E-730442D81140}.Release|x86.ActiveCfg = Release|Any CPU
		{F6674262-6F68-4E5B-B98E-2046996FB3C9}.Debug|.NET.ActiveCfg = Debug|Any CPU
		{F6674262-6F68-4E5B-B98E-2046996FB3C9}.Debug|Any CPU.ActiveCfg = Debug|Any CPU
		{F6674262-6F68-4E5B-B98E-2046996FB3C9}.Debug|Any CPU.Build.0 = Debug|Any CPU
		{F6674262-6F68-4E5B-B98E-2046996FB3C9}.Debug|Mixed Platforms.ActiveCfg = Debug|Any CPU
		{F6674262-6F68-4E5B-B98E-2046996FB3C9}.Debug|Mixed Platforms.Build.0 = Debug|Any CPU
		{F6674262-6F68-4E5B-B98E-2046996FB3C9}.Debug|x86.ActiveCfg = Debug|Any CPU
		{F6674262-6F68-4E5B-B98E-2046996FB3C9}.Release|.NET.ActiveCfg = Release|Any CPU
		{F6674262-6F68-4E5B-B98E-2046996FB3C9}.Release|.NET.Build.0 = Release|Any CPU
		{F6674262-6F68-4E5B-B98E-2046996FB3C9}.Release|Any CPU.ActiveCfg = Release|Any CPU
		{F6674262-6F68-4E5B-B98E-2046996FB3C9}.Release|Any CPU.Build.0 = Release|Any CPU
		{F6674262-6F68-4E5B-B98E-2046996FB3C9}.Release|Mixed Platforms.ActiveCfg = Release|Any CPU
		{F6674262-6F68-4E5B-B98E-2046996FB3C9}.Release|Mixed Platforms.Build.0 = Release|Any CPU
		{F6674262-6F68-4E5B-B98E-2046996FB3C9}.Release|x86.ActiveCfg = Release|Any CPU
		{F11402CF-EC92-4BDC-8503-2455B292109F}.Debug|.NET.ActiveCfg = Debug|Any CPU
		{F11402CF-EC92-4BDC-8503-2455B292109F}.Debug|.NET.Build.0 = Debug|Any CPU
		{F11402CF-EC92-4BDC-8503-2455B292109F}.Debug|Any CPU.ActiveCfg = Debug|Any CPU
		{F11402CF-EC92-4BDC-8503-2455B292109F}.Debug|Any CPU.Build.0 = Debug|Any CPU
		{F11402CF-EC92-4BDC-8503-2455B292109F}.Debug|Mixed Platforms.ActiveCfg = Debug|Any CPU
		{F11402CF-EC92-4BDC-8503-2455B292109F}.Debug|Mixed Platforms.Build.0 = Debug|Any CPU
		{F11402CF-EC92-4BDC-8503-2455B292109F}.Debug|x86.ActiveCfg = Debug|Any CPU
		{F11402CF-EC92-4BDC-8503-2455B292109F}.Debug|x86.Build.0 = Debug|Any CPU
		{F11402CF-EC92-4BDC-8503-2455B292109F}.Release|.NET.ActiveCfg = Release|Any CPU
		{F11402CF-EC92-4BDC-8503-2455B292109F}.Release|.NET.Build.0 = Release|Any CPU
		{F11402CF-EC92-4BDC-8503-2455B292109F}.Release|Any CPU.ActiveCfg = Release|Any CPU
		{F11402CF-EC92-4BDC-8503-2455B292109F}.Release|Any CPU.Build.0 = Release|Any CPU
		{F11402CF-EC92-4BDC-8503-2455B292109F}.Release|Mixed Platforms.ActiveCfg = Release|Any CPU
		{F11402CF-EC92-4BDC-8503-2455B292109F}.Release|Mixed Platforms.Build.0 = Release|Any CPU
		{F11402CF-EC92-4BDC-8503-2455B292109F}.Release|x86.ActiveCfg = Release|Any CPU
		{F11402CF-EC92-4BDC-8503-2455B292109F}.Release|x86.Build.0 = Release|Any CPU
		{6DCAD0D9-5901-4371-BE93-11C4190434E9}.Debug|.NET.ActiveCfg = Debug|Any CPU
		{6DCAD0D9-5901-4371-BE93-11C4190434E9}.Debug|.NET.Build.0 = Debug|Any CPU
		{6DCAD0D9-5901-4371-BE93-11C4190434E9}.Debug|Any CPU.ActiveCfg = Debug|Any CPU
		{6DCAD0D9-5901-4371-BE93-11C4190434E9}.Debug|Any CPU.Build.0 = Debug|Any CPU
		{6DCAD0D9-5901-4371-BE93-11C4190434E9}.Debug|Mixed Platforms.ActiveCfg = Debug|Any CPU
		{6DCAD0D9-5901-4371-BE93-11C4190434E9}.Debug|Mixed Platforms.Build.0 = Debug|Any CPU
		{6DCAD0D9-5901-4371-BE93-11C4190434E9}.Debug|x86.ActiveCfg = Debug|Any CPU
		{6DCAD0D9-5901-4371-BE93-11C4190434E9}.Debug|x86.Build.0 = Debug|Any CPU
		{6DCAD0D9-5901-4371-BE93-11C4190434E9}.Release|.NET.ActiveCfg = Release|Any CPU
		{6DCAD0D9-5901-4371-BE93-11C4190434E9}.Release|.NET.Build.0 = Release|Any CPU
		{6DCAD0D9-5901-4371-BE93-11C4190434E9}.Release|Any CPU.ActiveCfg = Release|Any CPU
		{6DCAD0D9-5901-4371-BE93-11C4190434E9}.Release|Any CPU.Build.0 = Release|Any CPU
		{6DCAD0D9-5901-4371-BE93-11C4190434E9}.Release|Mixed Platforms.ActiveCfg = Release|Any CPU
		{6DCAD0D9-5901-4371-BE93-11C4190434E9}.Release|Mixed Platforms.Build.0 = Release|Any CPU
		{6DCAD0D9-5901-4371-BE93-11C4190434E9}.Release|x86.ActiveCfg = Release|Any CPU
		{6DCAD0D9-5901-4371-BE93-11C4190434E9}.Release|x86.Build.0 = Release|Any CPU
		{41F469A9-B99A-4952-B715-2E28B19D606D}.Debug|.NET.ActiveCfg = Debug|Any CPU
		{41F469A9-B99A-4952-B715-2E28B19D606D}.Debug|.NET.Build.0 = Debug|Any CPU
		{41F469A9-B99A-4952-B715-2E28B19D606D}.Debug|Any CPU.ActiveCfg = Debug|Any CPU
		{41F469A9-B99A-4952-B715-2E28B19D606D}.Debug|Any CPU.Build.0 = Debug|Any CPU
		{41F469A9-B99A-4952-B715-2E28B19D606D}.Debug|Mixed Platforms.ActiveCfg = Debug|Any CPU
		{41F469A9-B99A-4952-B715-2E28B19D606D}.Debug|Mixed Platforms.Build.0 = Debug|Any CPU
		{41F469A9-B99A-4952-B715-2E28B19D606D}.Debug|x86.ActiveCfg = Debug|Any CPU
		{41F469A9-B99A-4952-B715-2E28B19D606D}.Debug|x86.Build.0 = Debug|Any CPU
		{41F469A9-B99A-4952-B715-2E28B19D606D}.Release|.NET.ActiveCfg = Release|Any CPU
		{41F469A9-B99A-4952-B715-2E28B19D606D}.Release|.NET.Build.0 = Release|Any CPU
		{41F469A9-B99A-4952-B715-2E28B19D606D}.Release|Any CPU.ActiveCfg = Release|Any CPU
		{41F469A9-B99A-4952-B715-2E28B19D606D}.Release|Any CPU.Build.0 = Release|Any CPU
		{41F469A9-B99A-4952-B715-2E28B19D606D}.Release|Mixed Platforms.ActiveCfg = Release|Any CPU
		{41F469A9-B99A-4952-B715-2E28B19D606D}.Release|Mixed Platforms.Build.0 = Release|Any CPU
		{41F469A9-B99A-4952-B715-2E28B19D606D}.Release|x86.ActiveCfg = Release|Any CPU
		{41F469A9-B99A-4952-B715-2E28B19D606D}.Release|x86.Build.0 = Release|Any CPU
		{46F8C4C8-1767-4588-ADC4-D9C6D735F5BB}.Debug|.NET.ActiveCfg = Debug|Any CPU
		{46F8C4C8-1767-4588-ADC4-D9C6D735F5BB}.Debug|.NET.Build.0 = Debug|Any CPU
		{46F8C4C8-1767-4588-ADC4-D9C6D735F5BB}.Debug|Any CPU.ActiveCfg = Debug|Any CPU
		{46F8C4C8-1767-4588-ADC4-D9C6D735F5BB}.Debug|Any CPU.Build.0 = Debug|Any CPU
		{46F8C4C8-1767-4588-ADC4-D9C6D735F5BB}.Debug|Mixed Platforms.ActiveCfg = Debug|Any CPU
		{46F8C4C8-1767-4588-ADC4-D9C6D735F5BB}.Debug|Mixed Platforms.Build.0 = Debug|Any CPU
		{46F8C4C8-1767-4588-ADC4-D9C6D735F5BB}.Debug|x86.ActiveCfg = Debug|Any CPU
		{46F8C4C8-1767-4588-ADC4-D9C6D735F5BB}.Debug|x86.Build.0 = Debug|Any CPU
		{46F8C4C8-1767-4588-ADC4-D9C6D735F5BB}.Release|.NET.ActiveCfg = Release|Any CPU
		{46F8C4C8-1767-4588-ADC4-D9C6D735F5BB}.Release|.NET.Build.0 = Release|Any CPU
		{46F8C4C8-1767-4588-ADC4-D9C6D735F5BB}.Release|Any CPU.ActiveCfg = Release|Any CPU
		{46F8C4C8-1767-4588-ADC4-D9C6D735F5BB}.Release|Any CPU.Build.0 = Release|Any CPU
		{46F8C4C8-1767-4588-ADC4-D9C6D735F5BB}.Release|Mixed Platforms.ActiveCfg = Release|Any CPU
		{46F8C4C8-1767-4588-ADC4-D9C6D735F5BB}.Release|Mixed Platforms.Build.0 = Release|Any CPU
		{46F8C4C8-1767-4588-ADC4-D9C6D735F5BB}.Release|x86.ActiveCfg = Release|Any CPU
		{46F8C4C8-1767-4588-ADC4-D9C6D735F5BB}.Release|x86.Build.0 = Release|Any CPU
		{7731B5EC-A085-4249-A252-31B6A76CE9D9}.Debug|.NET.ActiveCfg = Debug|Any CPU
		{7731B5EC-A085-4249-A252-31B6A76CE9D9}.Debug|.NET.Build.0 = Debug|Any CPU
		{7731B5EC-A085-4249-A252-31B6A76CE9D9}.Debug|Any CPU.ActiveCfg = Debug|Any CPU
		{7731B5EC-A085-4249-A252-31B6A76CE9D9}.Debug|Any CPU.Build.0 = Debug|Any CPU
		{7731B5EC-A085-4249-A252-31B6A76CE9D9}.Debug|Mixed Platforms.ActiveCfg = Debug|Any CPU
		{7731B5EC-A085-4249-A252-31B6A76CE9D9}.Debug|Mixed Platforms.Build.0 = Debug|Any CPU
		{7731B5EC-A085-4249-A252-31B6A76CE9D9}.Debug|x86.ActiveCfg = Debug|Any CPU
		{7731B5EC-A085-4249-A252-31B6A76CE9D9}.Debug|x86.Build.0 = Debug|Any CPU
		{7731B5EC-A085-4249-A252-31B6A76CE9D9}.Release|.NET.ActiveCfg = Release|Any CPU
		{7731B5EC-A085-4249-A252-31B6A76CE9D9}.Release|.NET.Build.0 = Release|Any CPU
		{7731B5EC-A085-4249-A252-31B6A76CE9D9}.Release|Any CPU.ActiveCfg = Release|Any CPU
		{7731B5EC-A085-4249-A252-31B6A76CE9D9}.Release|Any CPU.Build.0 = Release|Any CPU
		{7731B5EC-A085-4249-A252-31B6A76CE9D9}.Release|Mixed Platforms.ActiveCfg = Release|Any CPU
		{7731B5EC-A085-4249-A252-31B6A76CE9D9}.Release|Mixed Platforms.Build.0 = Release|Any CPU
		{7731B5EC-A085-4249-A252-31B6A76CE9D9}.Release|x86.ActiveCfg = Release|Any CPU
		{7731B5EC-A085-4249-A252-31B6A76CE9D9}.Release|x86.Build.0 = Release|Any CPU
		{DD11BEE6-A762-4A66-A107-917E9935AD01}.Debug|.NET.ActiveCfg = Debug|Any CPU
		{DD11BEE6-A762-4A66-A107-917E9935AD01}.Debug|.NET.Build.0 = Debug|Any CPU
		{DD11BEE6-A762-4A66-A107-917E9935AD01}.Debug|Any CPU.ActiveCfg = Debug|Any CPU
		{DD11BEE6-A762-4A66-A107-917E9935AD01}.Debug|Any CPU.Build.0 = Debug|Any CPU
		{DD11BEE6-A762-4A66-A107-917E9935AD01}.Debug|Mixed Platforms.ActiveCfg = Debug|Any CPU
		{DD11BEE6-A762-4A66-A107-917E9935AD01}.Debug|Mixed Platforms.Build.0 = Debug|Any CPU
		{DD11BEE6-A762-4A66-A107-917E9935AD01}.Debug|x86.ActiveCfg = Debug|Any CPU
		{DD11BEE6-A762-4A66-A107-917E9935AD01}.Debug|x86.Build.0 = Debug|Any CPU
		{DD11BEE6-A762-4A66-A107-917E9935AD01}.Release|.NET.ActiveCfg = Release|Any CPU
		{DD11BEE6-A762-4A66-A107-917E9935AD01}.Release|.NET.Build.0 = Release|Any CPU
		{DD11BEE6-A762-4A66-A107-917E9935AD01}.Release|Any CPU.ActiveCfg = Release|Any CPU
		{DD11BEE6-A762-4A66-A107-917E9935AD01}.Release|Any CPU.Build.0 = Release|Any CPU
		{DD11BEE6-A762-4A66-A107-917E9935AD01}.Release|Mixed Platforms.ActiveCfg = Release|Any CPU
		{DD11BEE6-A762-4A66-A107-917E9935AD01}.Release|Mixed Platforms.Build.0 = Release|Any CPU
		{DD11BEE6-A762-4A66-A107-917E9935AD01}.Release|x86.ActiveCfg = Release|Any CPU
		{DD11BEE6-A762-4A66-A107-917E9935AD01}.Release|x86.Build.0 = Release|Any CPU
		{3F521A2D-5AA9-4CF4-81FF-84DB06957154}.Debug|.NET.ActiveCfg = Debug|Any CPU
		{3F521A2D-5AA9-4CF4-81FF-84DB06957154}.Debug|.NET.Build.0 = Debug|Any CPU
		{3F521A2D-5AA9-4CF4-81FF-84DB06957154}.Debug|Any CPU.ActiveCfg = Debug|Any CPU
		{3F521A2D-5AA9-4CF4-81FF-84DB06957154}.Debug|Any CPU.Build.0 = Debug|Any CPU
		{3F521A2D-5AA9-4CF4-81FF-84DB06957154}.Debug|Mixed Platforms.ActiveCfg = Debug|Any CPU
		{3F521A2D-5AA9-4CF4-81FF-84DB06957154}.Debug|Mixed Platforms.Build.0 = Debug|Any CPU
		{3F521A2D-5AA9-4CF4-81FF-84DB06957154}.Debug|x86.ActiveCfg = Debug|Any CPU
		{3F521A2D-5AA9-4CF4-81FF-84DB06957154}.Debug|x86.Build.0 = Debug|Any CPU
		{3F521A2D-5AA9-4CF4-81FF-84DB06957154}.Release|.NET.ActiveCfg = Release|Any CPU
		{3F521A2D-5AA9-4CF4-81FF-84DB06957154}.Release|.NET.Build.0 = Release|Any CPU
		{3F521A2D-5AA9-4CF4-81FF-84DB06957154}.Release|Any CPU.ActiveCfg = Release|Any CPU
		{3F521A2D-5AA9-4CF4-81FF-84DB06957154}.Release|Any CPU.Build.0 = Release|Any CPU
		{3F521A2D-5AA9-4CF4-81FF-84DB06957154}.Release|Mixed Platforms.ActiveCfg = Release|Any CPU
		{3F521A2D-5AA9-4CF4-81FF-84DB06957154}.Release|Mixed Platforms.Build.0 = Release|Any CPU
		{3F521A2D-5AA9-4CF4-81FF-84DB06957154}.Release|x86.ActiveCfg = Release|Any CPU
		{3F521A2D-5AA9-4CF4-81FF-84DB06957154}.Release|x86.Build.0 = Release|Any CPU
		{4CFB0649-7B8C-44AB-B69E-A46545BBC2E8}.Debug|.NET.ActiveCfg = Debug|Any CPU
		{4CFB0649-7B8C-44AB-B69E-A46545BBC2E8}.Debug|.NET.Build.0 = Debug|Any CPU
		{4CFB0649-7B8C-44AB-B69E-A46545BBC2E8}.Debug|Any CPU.ActiveCfg = Debug|Any CPU
		{4CFB0649-7B8C-44AB-B69E-A46545BBC2E8}.Debug|Any CPU.Build.0 = Debug|Any CPU
		{4CFB0649-7B8C-44AB-B69E-A46545BBC2E8}.Debug|Mixed Platforms.ActiveCfg = Debug|Any CPU
		{4CFB0649-7B8C-44AB-B69E-A46545BBC2E8}.Debug|Mixed Platforms.Build.0 = Debug|Any CPU
		{4CFB0649-7B8C-44AB-B69E-A46545BBC2E8}.Debug|x86.ActiveCfg = Debug|Any CPU
		{4CFB0649-7B8C-44AB-B69E-A46545BBC2E8}.Debug|x86.Build.0 = Debug|Any CPU
		{4CFB0649-7B8C-44AB-B69E-A46545BBC2E8}.Release|.NET.ActiveCfg = Release|Any CPU
		{4CFB0649-7B8C-44AB-B69E-A46545BBC2E8}.Release|.NET.Build.0 = Release|Any CPU
		{4CFB0649-7B8C-44AB-B69E-A46545BBC2E8}.Release|Any CPU.ActiveCfg = Release|Any CPU
		{4CFB0649-7B8C-44AB-B69E-A46545BBC2E8}.Release|Any CPU.Build.0 = Release|Any CPU
		{4CFB0649-7B8C-44AB-B69E-A46545BBC2E8}.Release|Mixed Platforms.ActiveCfg = Release|Any CPU
		{4CFB0649-7B8C-44AB-B69E-A46545BBC2E8}.Release|Mixed Platforms.Build.0 = Release|Any CPU
		{4CFB0649-7B8C-44AB-B69E-A46545BBC2E8}.Release|x86.ActiveCfg = Release|Any CPU
		{4CFB0649-7B8C-44AB-B69E-A46545BBC2E8}.Release|x86.Build.0 = Release|Any CPU
		{DA9242B1-F0AB-4C5F-AED1-FBD2D03C5B1F}.Debug|.NET.ActiveCfg = Debug|Any CPU
		{DA9242B1-F0AB-4C5F-AED1-FBD2D03C5B1F}.Debug|.NET.Build.0 = Debug|Any CPU
		{DA9242B1-F0AB-4C5F-AED1-FBD2D03C5B1F}.Debug|Any CPU.ActiveCfg = Debug|Any CPU
		{DA9242B1-F0AB-4C5F-AED1-FBD2D03C5B1F}.Debug|Any CPU.Build.0 = Debug|Any CPU
		{DA9242B1-F0AB-4C5F-AED1-FBD2D03C5B1F}.Debug|Mixed Platforms.ActiveCfg = Debug|Any CPU
		{DA9242B1-F0AB-4C5F-AED1-FBD2D03C5B1F}.Debug|Mixed Platforms.Build.0 = Debug|Any CPU
		{DA9242B1-F0AB-4C5F-AED1-FBD2D03C5B1F}.Debug|x86.ActiveCfg = Debug|Any CPU
		{DA9242B1-F0AB-4C5F-AED1-FBD2D03C5B1F}.Debug|x86.Build.0 = Debug|Any CPU
		{DA9242B1-F0AB-4C5F-AED1-FBD2D03C5B1F}.Release|.NET.ActiveCfg = Release|Any CPU
		{DA9242B1-F0AB-4C5F-AED1-FBD2D03C5B1F}.Release|.NET.Build.0 = Release|Any CPU
		{DA9242B1-F0AB-4C5F-AED1-FBD2D03C5B1F}.Release|Any CPU.ActiveCfg = Release|Any CPU
		{DA9242B1-F0AB-4C5F-AED1-FBD2D03C5B1F}.Release|Any CPU.Build.0 = Release|Any CPU
		{DA9242B1-F0AB-4C5F-AED1-FBD2D03C5B1F}.Release|Mixed Platforms.ActiveCfg = Release|Any CPU
		{DA9242B1-F0AB-4C5F-AED1-FBD2D03C5B1F}.Release|Mixed Platforms.Build.0 = Release|Any CPU
		{DA9242B1-F0AB-4C5F-AED1-FBD2D03C5B1F}.Release|x86.ActiveCfg = Release|Any CPU
		{DA9242B1-F0AB-4C5F-AED1-FBD2D03C5B1F}.Release|x86.Build.0 = Release|Any CPU
		{38BBB8E2-230F-4FA8-B098-C0F5AE2C2796}.Debug|.NET.ActiveCfg = Debug|Any CPU
		{38BBB8E2-230F-4FA8-B098-C0F5AE2C2796}.Debug|.NET.Build.0 = Debug|Any CPU
		{38BBB8E2-230F-4FA8-B098-C0F5AE2C2796}.Debug|Any CPU.ActiveCfg = Debug|Any CPU
		{38BBB8E2-230F-4FA8-B098-C0F5AE2C2796}.Debug|Any CPU.Build.0 = Debug|Any CPU
		{38BBB8E2-230F-4FA8-B098-C0F5AE2C2796}.Debug|Mixed Platforms.ActiveCfg = Debug|Any CPU
		{38BBB8E2-230F-4FA8-B098-C0F5AE2C2796}.Debug|Mixed Platforms.Build.0 = Debug|Any CPU
		{38BBB8E2-230F-4FA8-B098-C0F5AE2C2796}.Debug|x86.ActiveCfg = Debug|Any CPU
		{38BBB8E2-230F-4FA8-B098-C0F5AE2C2796}.Debug|x86.Build.0 = Debug|Any CPU
		{38BBB8E2-230F-4FA8-B098-C0F5AE2C2796}.Release|.NET.ActiveCfg = Release|Any CPU
		{38BBB8E2-230F-4FA8-B098-C0F5AE2C2796}.Release|.NET.Build.0 = Release|Any CPU
		{38BBB8E2-230F-4FA8-B098-C0F5AE2C2796}.Release|Any CPU.ActiveCfg = Release|Any CPU
		{38BBB8E2-230F-4FA8-B098-C0F5AE2C2796}.Release|Any CPU.Build.0 = Release|Any CPU
		{38BBB8E2-230F-4FA8-B098-C0F5AE2C2796}.Release|Mixed Platforms.ActiveCfg = Release|Any CPU
		{38BBB8E2-230F-4FA8-B098-C0F5AE2C2796}.Release|Mixed Platforms.Build.0 = Release|Any CPU
		{38BBB8E2-230F-4FA8-B098-C0F5AE2C2796}.Release|x86.ActiveCfg = Release|Any CPU
		{38BBB8E2-230F-4FA8-B098-C0F5AE2C2796}.Release|x86.Build.0 = Release|Any CPU
		{4425BAE1-934C-42B1-B5DC-D26E12D25DD9}.Debug|.NET.ActiveCfg = Debug|Any CPU
		{4425BAE1-934C-42B1-B5DC-D26E12D25DD9}.Debug|.NET.Build.0 = Debug|Any CPU
		{4425BAE1-934C-42B1-B5DC-D26E12D25DD9}.Debug|Any CPU.ActiveCfg = Debug|Any CPU
		{4425BAE1-934C-42B1-B5DC-D26E12D25DD9}.Debug|Any CPU.Build.0 = Debug|Any CPU
		{4425BAE1-934C-42B1-B5DC-D26E12D25DD9}.Debug|Mixed Platforms.ActiveCfg = Debug|Any CPU
		{4425BAE1-934C-42B1-B5DC-D26E12D25DD9}.Debug|Mixed Platforms.Build.0 = Debug|Any CPU
		{4425BAE1-934C-42B1-B5DC-D26E12D25DD9}.Debug|x86.ActiveCfg = Debug|Any CPU
		{4425BAE1-934C-42B1-B5DC-D26E12D25DD9}.Debug|x86.Build.0 = Debug|Any CPU
		{4425BAE1-934C-42B1-B5DC-D26E12D25DD9}.Release|.NET.ActiveCfg = Release|Any CPU
		{4425BAE1-934C-42B1-B5DC-D26E12D25DD9}.Release|.NET.Build.0 = Release|Any CPU
		{4425BAE1-934C-42B1-B5DC-D26E12D25DD9}.Release|Any CPU.ActiveCfg = Release|Any CPU
		{4425BAE1-934C-42B1-B5DC-D26E12D25DD9}.Release|Any CPU.Build.0 = Release|Any CPU
		{4425BAE1-934C-42B1-B5DC-D26E12D25DD9}.Release|Mixed Platforms.ActiveCfg = Release|Any CPU
		{4425BAE1-934C-42B1-B5DC-D26E12D25DD9}.Release|Mixed Platforms.Build.0 = Release|Any CPU
		{4425BAE1-934C-42B1-B5DC-D26E12D25DD9}.Release|x86.ActiveCfg = Release|Any CPU
		{4425BAE1-934C-42B1-B5DC-D26E12D25DD9}.Release|x86.Build.0 = Release|Any CPU
		{B3015E70-9DC9-4811-8557-88ADCAE52441}.Debug|.NET.ActiveCfg = Debug|Any CPU
		{B3015E70-9DC9-4811-8557-88ADCAE52441}.Debug|.NET.Build.0 = Debug|Any CPU
		{B3015E70-9DC9-4811-8557-88ADCAE52441}.Debug|Any CPU.ActiveCfg = Debug|Any CPU
		{B3015E70-9DC9-4811-8557-88ADCAE52441}.Debug|Any CPU.Build.0 = Debug|Any CPU
		{B3015E70-9DC9-4811-8557-88ADCAE52441}.Debug|Mixed Platforms.ActiveCfg = Debug|Any CPU
		{B3015E70-9DC9-4811-8557-88ADCAE52441}.Debug|Mixed Platforms.Build.0 = Debug|Any CPU
		{B3015E70-9DC9-4811-8557-88ADCAE52441}.Debug|x86.ActiveCfg = Debug|Any CPU
		{B3015E70-9DC9-4811-8557-88ADCAE52441}.Debug|x86.Build.0 = Debug|Any CPU
		{B3015E70-9DC9-4811-8557-88ADCAE52441}.Release|.NET.ActiveCfg = Release|Any CPU
		{B3015E70-9DC9-4811-8557-88ADCAE52441}.Release|.NET.Build.0 = Release|Any CPU
		{B3015E70-9DC9-4811-8557-88ADCAE52441}.Release|Any CPU.ActiveCfg = Release|Any CPU
		{B3015E70-9DC9-4811-8557-88ADCAE52441}.Release|Any CPU.Build.0 = Release|Any CPU
		{B3015E70-9DC9-4811-8557-88ADCAE52441}.Release|Mixed Platforms.ActiveCfg = Release|Any CPU
		{B3015E70-9DC9-4811-8557-88ADCAE52441}.Release|Mixed Platforms.Build.0 = Release|Any CPU
		{B3015E70-9DC9-4811-8557-88ADCAE52441}.Release|x86.ActiveCfg = Release|Any CPU
		{B3015E70-9DC9-4811-8557-88ADCAE52441}.Release|x86.Build.0 = Release|Any CPU
		{8D7E139A-974B-4FF8-AACB-3721CB428AD8}.Debug|.NET.ActiveCfg = Debug|Any CPU
		{8D7E139A-974B-4FF8-AACB-3721CB428AD8}.Debug|.NET.Build.0 = Debug|Any CPU
		{8D7E139A-974B-4FF8-AACB-3721CB428AD8}.Debug|Any CPU.ActiveCfg = Debug|Any CPU
		{8D7E139A-974B-4FF8-AACB-3721CB428AD8}.Debug|Any CPU.Build.0 = Debug|Any CPU
		{8D7E139A-974B-4FF8-AACB-3721CB428AD8}.Debug|Mixed Platforms.ActiveCfg = Debug|Any CPU
		{8D7E139A-974B-4FF8-AACB-3721CB428AD8}.Debug|Mixed Platforms.Build.0 = Debug|Any CPU
		{8D7E139A-974B-4FF8-AACB-3721CB428AD8}.Debug|x86.ActiveCfg = Debug|Any CPU
		{8D7E139A-974B-4FF8-AACB-3721CB428AD8}.Debug|x86.Build.0 = Debug|Any CPU
		{8D7E139A-974B-4FF8-AACB-3721CB428AD8}.Release|.NET.ActiveCfg = Release|Any CPU
		{8D7E139A-974B-4FF8-AACB-3721CB428AD8}.Release|.NET.Build.0 = Release|Any CPU
		{8D7E139A-974B-4FF8-AACB-3721CB428AD8}.Release|Any CPU.ActiveCfg = Release|Any CPU
		{8D7E139A-974B-4FF8-AACB-3721CB428AD8}.Release|Any CPU.Build.0 = Release|Any CPU
		{8D7E139A-974B-4FF8-AACB-3721CB428AD8}.Release|Mixed Platforms.ActiveCfg = Release|Any CPU
		{8D7E139A-974B-4FF8-AACB-3721CB428AD8}.Release|Mixed Platforms.Build.0 = Release|Any CPU
		{8D7E139A-974B-4FF8-AACB-3721CB428AD8}.Release|x86.ActiveCfg = Release|Any CPU
		{8D7E139A-974B-4FF8-AACB-3721CB428AD8}.Release|x86.Build.0 = Release|Any CPU
		{0F2DDD54-A46A-4EFA-A20D-50DD7E83E7DA}.Debug|.NET.ActiveCfg = Debug|Any CPU
		{0F2DDD54-A46A-4EFA-A20D-50DD7E83E7DA}.Debug|.NET.Build.0 = Debug|Any CPU
		{0F2DDD54-A46A-4EFA-A20D-50DD7E83E7DA}.Debug|Any CPU.ActiveCfg = Debug|Any CPU
		{0F2DDD54-A46A-4EFA-A20D-50DD7E83E7DA}.Debug|Any CPU.Build.0 = Debug|Any CPU
		{0F2DDD54-A46A-4EFA-A20D-50DD7E83E7DA}.Debug|Mixed Platforms.ActiveCfg = Debug|Any CPU
		{0F2DDD54-A46A-4EFA-A20D-50DD7E83E7DA}.Debug|Mixed Platforms.Build.0 = Debug|Any CPU
		{0F2DDD54-A46A-4EFA-A20D-50DD7E83E7DA}.Debug|x86.ActiveCfg = Debug|Any CPU
		{0F2DDD54-A46A-4EFA-A20D-50DD7E83E7DA}.Debug|x86.Build.0 = Debug|Any CPU
		{0F2DDD54-A46A-4EFA-A20D-50DD7E83E7DA}.Release|.NET.ActiveCfg = Release|Any CPU
		{0F2DDD54-A46A-4EFA-A20D-50DD7E83E7DA}.Release|.NET.Build.0 = Release|Any CPU
		{0F2DDD54-A46A-4EFA-A20D-50DD7E83E7DA}.Release|Any CPU.ActiveCfg = Release|Any CPU
		{0F2DDD54-A46A-4EFA-A20D-50DD7E83E7DA}.Release|Any CPU.Build.0 = Release|Any CPU
		{0F2DDD54-A46A-4EFA-A20D-50DD7E83E7DA}.Release|Mixed Platforms.ActiveCfg = Release|Any CPU
		{0F2DDD54-A46A-4EFA-A20D-50DD7E83E7DA}.Release|Mixed Platforms.Build.0 = Release|Any CPU
		{0F2DDD54-A46A-4EFA-A20D-50DD7E83E7DA}.Release|x86.ActiveCfg = Release|Any CPU
		{0F2DDD54-A46A-4EFA-A20D-50DD7E83E7DA}.Release|x86.Build.0 = Release|Any CPU
		{1B376FC5-7979-4ACE-9873-6CB1D046FF90}.Debug|.NET.ActiveCfg = Debug|Any CPU
		{1B376FC5-7979-4ACE-9873-6CB1D046FF90}.Debug|.NET.Build.0 = Debug|Any CPU
		{1B376FC5-7979-4ACE-9873-6CB1D046FF90}.Debug|Any CPU.ActiveCfg = Debug|Any CPU
		{1B376FC5-7979-4ACE-9873-6CB1D046FF90}.Debug|Any CPU.Build.0 = Debug|Any CPU
		{1B376FC5-7979-4ACE-9873-6CB1D046FF90}.Debug|Mixed Platforms.ActiveCfg = Debug|Any CPU
		{1B376FC5-7979-4ACE-9873-6CB1D046FF90}.Debug|Mixed Platforms.Build.0 = Debug|Any CPU
		{1B376FC5-7979-4ACE-9873-6CB1D046FF90}.Debug|x86.ActiveCfg = Debug|Any CPU
		{1B376FC5-7979-4ACE-9873-6CB1D046FF90}.Debug|x86.Build.0 = Debug|Any CPU
		{1B376FC5-7979-4ACE-9873-6CB1D046FF90}.Release|.NET.ActiveCfg = Release|Any CPU
		{1B376FC5-7979-4ACE-9873-6CB1D046FF90}.Release|.NET.Build.0 = Release|Any CPU
		{1B376FC5-7979-4ACE-9873-6CB1D046FF90}.Release|Any CPU.ActiveCfg = Release|Any CPU
		{1B376FC5-7979-4ACE-9873-6CB1D046FF90}.Release|Any CPU.Build.0 = Release|Any CPU
		{1B376FC5-7979-4ACE-9873-6CB1D046FF90}.Release|Mixed Platforms.ActiveCfg = Release|Any CPU
		{1B376FC5-7979-4ACE-9873-6CB1D046FF90}.Release|Mixed Platforms.Build.0 = Release|Any CPU
		{1B376FC5-7979-4ACE-9873-6CB1D046FF90}.Release|x86.ActiveCfg = Release|Any CPU
		{1B376FC5-7979-4ACE-9873-6CB1D046FF90}.Release|x86.Build.0 = Release|Any CPU
		{658E433B-916A-4865-A4D6-37DB898D3438}.Debug|.NET.ActiveCfg = Debug|Any CPU
		{658E433B-916A-4865-A4D6-37DB898D3438}.Debug|.NET.Build.0 = Debug|Any CPU
		{658E433B-916A-4865-A4D6-37DB898D3438}.Debug|Any CPU.ActiveCfg = Debug|Any CPU
		{658E433B-916A-4865-A4D6-37DB898D3438}.Debug|Any CPU.Build.0 = Debug|Any CPU
		{658E433B-916A-4865-A4D6-37DB898D3438}.Debug|Mixed Platforms.ActiveCfg = Debug|Any CPU
		{658E433B-916A-4865-A4D6-37DB898D3438}.Debug|Mixed Platforms.Build.0 = Debug|Any CPU
		{658E433B-916A-4865-A4D6-37DB898D3438}.Debug|x86.ActiveCfg = Debug|Any CPU
		{658E433B-916A-4865-A4D6-37DB898D3438}.Debug|x86.Build.0 = Debug|Any CPU
		{658E433B-916A-4865-A4D6-37DB898D3438}.Release|.NET.ActiveCfg = Release|Any CPU
		{658E433B-916A-4865-A4D6-37DB898D3438}.Release|.NET.Build.0 = Release|Any CPU
		{658E433B-916A-4865-A4D6-37DB898D3438}.Release|Any CPU.ActiveCfg = Release|Any CPU
		{658E433B-916A-4865-A4D6-37DB898D3438}.Release|Any CPU.Build.0 = Release|Any CPU
		{658E433B-916A-4865-A4D6-37DB898D3438}.Release|Mixed Platforms.ActiveCfg = Release|Any CPU
		{658E433B-916A-4865-A4D6-37DB898D3438}.Release|Mixed Platforms.Build.0 = Release|Any CPU
		{658E433B-916A-4865-A4D6-37DB898D3438}.Release|x86.ActiveCfg = Release|Any CPU
		{658E433B-916A-4865-A4D6-37DB898D3438}.Release|x86.Build.0 = Release|Any CPU
		{39EB1621-25D3-4801-A8FF-20A914174BD9}.Debug|.NET.ActiveCfg = Debug|Any CPU
		{39EB1621-25D3-4801-A8FF-20A914174BD9}.Debug|.NET.Build.0 = Debug|Any CPU
		{39EB1621-25D3-4801-A8FF-20A914174BD9}.Debug|Any CPU.ActiveCfg = Debug|Any CPU
		{39EB1621-25D3-4801-A8FF-20A914174BD9}.Debug|Any CPU.Build.0 = Debug|Any CPU
		{39EB1621-25D3-4801-A8FF-20A914174BD9}.Debug|Mixed Platforms.ActiveCfg = Debug|Any CPU
		{39EB1621-25D3-4801-A8FF-20A914174BD9}.Debug|Mixed Platforms.Build.0 = Debug|Any CPU
		{39EB1621-25D3-4801-A8FF-20A914174BD9}.Debug|x86.ActiveCfg = Debug|Any CPU
		{39EB1621-25D3-4801-A8FF-20A914174BD9}.Debug|x86.Build.0 = Debug|Any CPU
		{39EB1621-25D3-4801-A8FF-20A914174BD9}.Release|.NET.ActiveCfg = Release|Any CPU
		{39EB1621-25D3-4801-A8FF-20A914174BD9}.Release|.NET.Build.0 = Release|Any CPU
		{39EB1621-25D3-4801-A8FF-20A914174BD9}.Release|Any CPU.ActiveCfg = Release|Any CPU
		{39EB1621-25D3-4801-A8FF-20A914174BD9}.Release|Any CPU.Build.0 = Release|Any CPU
		{39EB1621-25D3-4801-A8FF-20A914174BD9}.Release|Mixed Platforms.ActiveCfg = Release|Any CPU
		{39EB1621-25D3-4801-A8FF-20A914174BD9}.Release|Mixed Platforms.Build.0 = Release|Any CPU
		{39EB1621-25D3-4801-A8FF-20A914174BD9}.Release|x86.ActiveCfg = Release|Any CPU
		{39EB1621-25D3-4801-A8FF-20A914174BD9}.Release|x86.Build.0 = Release|Any CPU
		{51CFB881-54D0-4938-B835-422C81DDFE58}.Debug|.NET.ActiveCfg = Debug|Any CPU
		{51CFB881-54D0-4938-B835-422C81DDFE58}.Debug|.NET.Build.0 = Debug|Any CPU
		{51CFB881-54D0-4938-B835-422C81DDFE58}.Debug|Any CPU.ActiveCfg = Debug|Any CPU
		{51CFB881-54D0-4938-B835-422C81DDFE58}.Debug|Any CPU.Build.0 = Debug|Any CPU
		{51CFB881-54D0-4938-B835-422C81DDFE58}.Debug|Mixed Platforms.ActiveCfg = Debug|Any CPU
		{51CFB881-54D0-4938-B835-422C81DDFE58}.Debug|Mixed Platforms.Build.0 = Debug|Any CPU
		{51CFB881-54D0-4938-B835-422C81DDFE58}.Debug|x86.ActiveCfg = Debug|Any CPU
		{51CFB881-54D0-4938-B835-422C81DDFE58}.Debug|x86.Build.0 = Debug|Any CPU
		{51CFB881-54D0-4938-B835-422C81DDFE58}.Release|.NET.ActiveCfg = Release|Any CPU
		{51CFB881-54D0-4938-B835-422C81DDFE58}.Release|.NET.Build.0 = Release|Any CPU
		{51CFB881-54D0-4938-B835-422C81DDFE58}.Release|Any CPU.ActiveCfg = Release|Any CPU
		{51CFB881-54D0-4938-B835-422C81DDFE58}.Release|Any CPU.Build.0 = Release|Any CPU
		{51CFB881-54D0-4938-B835-422C81DDFE58}.Release|Mixed Platforms.ActiveCfg = Release|Any CPU
		{51CFB881-54D0-4938-B835-422C81DDFE58}.Release|Mixed Platforms.Build.0 = Release|Any CPU
		{51CFB881-54D0-4938-B835-422C81DDFE58}.Release|x86.ActiveCfg = Release|Any CPU
		{51CFB881-54D0-4938-B835-422C81DDFE58}.Release|x86.Build.0 = Release|Any CPU
		{5C76B098-4D63-4498-A58C-2201CC6CBB40}.Debug|.NET.ActiveCfg = Debug|Any CPU
		{5C76B098-4D63-4498-A58C-2201CC6CBB40}.Debug|.NET.Build.0 = Debug|Any CPU
		{5C76B098-4D63-4498-A58C-2201CC6CBB40}.Debug|Any CPU.ActiveCfg = Debug|Any CPU
		{5C76B098-4D63-4498-A58C-2201CC6CBB40}.Debug|Any CPU.Build.0 = Debug|Any CPU
		{5C76B098-4D63-4498-A58C-2201CC6CBB40}.Debug|Mixed Platforms.ActiveCfg = Debug|Any CPU
		{5C76B098-4D63-4498-A58C-2201CC6CBB40}.Debug|Mixed Platforms.Build.0 = Debug|Any CPU
		{5C76B098-4D63-4498-A58C-2201CC6CBB40}.Debug|x86.ActiveCfg = Debug|Any CPU
		{5C76B098-4D63-4498-A58C-2201CC6CBB40}.Debug|x86.Build.0 = Debug|Any CPU
		{5C76B098-4D63-4498-A58C-2201CC6CBB40}.Release|.NET.ActiveCfg = Release|Any CPU
		{5C76B098-4D63-4498-A58C-2201CC6CBB40}.Release|.NET.Build.0 = Release|Any CPU
		{5C76B098-4D63-4498-A58C-2201CC6CBB40}.Release|Any CPU.ActiveCfg = Release|Any CPU
		{5C76B098-4D63-4498-A58C-2201CC6CBB40}.Release|Any CPU.Build.0 = Release|Any CPU
		{5C76B098-4D63-4498-A58C-2201CC6CBB40}.Release|Mixed Platforms.ActiveCfg = Release|Any CPU
		{5C76B098-4D63-4498-A58C-2201CC6CBB40}.Release|Mixed Platforms.Build.0 = Release|Any CPU
		{5C76B098-4D63-4498-A58C-2201CC6CBB40}.Release|x86.ActiveCfg = Release|Any CPU
		{5C76B098-4D63-4498-A58C-2201CC6CBB40}.Release|x86.Build.0 = Release|Any CPU
		{A26D9D9B-0BF9-4DC2-ADB8-D1AD86B484D3}.Debug|.NET.ActiveCfg = Debug|Any CPU
		{A26D9D9B-0BF9-4DC2-ADB8-D1AD86B484D3}.Debug|.NET.Build.0 = Debug|Any CPU
		{A26D9D9B-0BF9-4DC2-ADB8-D1AD86B484D3}.Debug|Any CPU.ActiveCfg = Debug|Any CPU
		{A26D9D9B-0BF9-4DC2-ADB8-D1AD86B484D3}.Debug|Any CPU.Build.0 = Debug|Any CPU
		{A26D9D9B-0BF9-4DC2-ADB8-D1AD86B484D3}.Debug|Mixed Platforms.ActiveCfg = Debug|Any CPU
		{A26D9D9B-0BF9-4DC2-ADB8-D1AD86B484D3}.Debug|Mixed Platforms.Build.0 = Debug|Any CPU
		{A26D9D9B-0BF9-4DC2-ADB8-D1AD86B484D3}.Debug|x86.ActiveCfg = Debug|Any CPU
		{A26D9D9B-0BF9-4DC2-ADB8-D1AD86B484D3}.Debug|x86.Build.0 = Debug|Any CPU
		{A26D9D9B-0BF9-4DC2-ADB8-D1AD86B484D3}.Release|.NET.ActiveCfg = Release|Any CPU
		{A26D9D9B-0BF9-4DC2-ADB8-D1AD86B484D3}.Release|.NET.Build.0 = Release|Any CPU
		{A26D9D9B-0BF9-4DC2-ADB8-D1AD86B484D3}.Release|Any CPU.ActiveCfg = Release|Any CPU
		{A26D9D9B-0BF9-4DC2-ADB8-D1AD86B484D3}.Release|Any CPU.Build.0 = Release|Any CPU
		{A26D9D9B-0BF9-4DC2-ADB8-D1AD86B484D3}.Release|Mixed Platforms.ActiveCfg = Release|Any CPU
		{A26D9D9B-0BF9-4DC2-ADB8-D1AD86B484D3}.Release|Mixed Platforms.Build.0 = Release|Any CPU
		{A26D9D9B-0BF9-4DC2-ADB8-D1AD86B484D3}.Release|x86.ActiveCfg = Release|Any CPU
		{A26D9D9B-0BF9-4DC2-ADB8-D1AD86B484D3}.Release|x86.Build.0 = Release|Any CPU
		{F133785A-0C66-485B-B1E2-863352B56A6C}.Debug|.NET.ActiveCfg = Debug|Any CPU
		{F133785A-0C66-485B-B1E2-863352B56A6C}.Debug|.NET.Build.0 = Debug|Any CPU
		{F133785A-0C66-485B-B1E2-863352B56A6C}.Debug|Any CPU.ActiveCfg = Debug|Any CPU
		{F133785A-0C66-485B-B1E2-863352B56A6C}.Debug|Any CPU.Build.0 = Debug|Any CPU
		{F133785A-0C66-485B-B1E2-863352B56A6C}.Debug|Mixed Platforms.ActiveCfg = Debug|Any CPU
		{F133785A-0C66-485B-B1E2-863352B56A6C}.Debug|Mixed Platforms.Build.0 = Debug|Any CPU
		{F133785A-0C66-485B-B1E2-863352B56A6C}.Debug|x86.ActiveCfg = Debug|Any CPU
		{F133785A-0C66-485B-B1E2-863352B56A6C}.Debug|x86.Build.0 = Debug|Any CPU
		{F133785A-0C66-485B-B1E2-863352B56A6C}.Release|.NET.ActiveCfg = Release|Any CPU
		{F133785A-0C66-485B-B1E2-863352B56A6C}.Release|.NET.Build.0 = Release|Any CPU
		{F133785A-0C66-485B-B1E2-863352B56A6C}.Release|Any CPU.ActiveCfg = Release|Any CPU
		{F133785A-0C66-485B-B1E2-863352B56A6C}.Release|Any CPU.Build.0 = Release|Any CPU
		{F133785A-0C66-485B-B1E2-863352B56A6C}.Release|Mixed Platforms.ActiveCfg = Release|Any CPU
		{F133785A-0C66-485B-B1E2-863352B56A6C}.Release|Mixed Platforms.Build.0 = Release|Any CPU
		{F133785A-0C66-485B-B1E2-863352B56A6C}.Release|x86.ActiveCfg = Release|Any CPU
		{F133785A-0C66-485B-B1E2-863352B56A6C}.Release|x86.Build.0 = Release|Any CPU
	EndGlobalSection
	GlobalSection(SolutionProperties) = preSolution
		HideSolutionNode = FALSE
	EndGlobalSection
	GlobalSection(ExtensibilityGlobals) = postSolution
		SolutionGuid = {02CEFF5E-B93E-43EB-AF05-08BA763E1ABC}
	EndGlobalSection
EndGlobal
