Microsoft Visual Studio Solution File, Format Version 12.00
# Visual Studio Version 17
VisualStudioVersion = 17.1.32210.238
MinimumVisualStudioVersion = 10.0.40219.1
Project("{FAE04EC0-301F-11D3-BF4B-00C04F79EFBC}") = "THIERRYBREHON.FR.NSR.nfw.AllModif", "..\THIERRYBREHON.FR.nfw.Essentiels\THIERRYBREHON.FR.NSR\THIERRYBREHON.FR.NSR.nfw.AllModif.csproj", "{09BD7F23-CEDF-4921-823E-0E53E809AF1F}"
EndProject
Project("{FAE04EC0-301F-11D3-BF4B-00C04F79EFBC}") = "THIERRYBREHON.FR.X.nfw.AllModif", "..\THIERRYBREHON.FR.nfw.Essentiels\THIERRYBREHON.FR.X\THIERRYBREHON.FR.X.nfw.AllModif.csproj", "{DEE667AE-7412-4540-8E1E-EA8A83855C13}"
EndProject
Project("{FAE04EC0-301F-11D3-BF4B-00C04F79EFBC}") = "THIERRYBREHON.FR.X.MSSQL.nfw.AllModif", "..\THIERRYBREHON.FR.nfw.Essentiels\THIERRYBREHON.FR.X.MSSQL\THIERRYBREHON.FR.X.MSSQL.nfw.AllModif.csproj", "{131E9A4F-BF3D-40D3-A2AF-7D2E9402B067}"
EndProject
Project("{FAE04EC0-301F-11D3-BF4B-00C04F79EFBC}") = "THIERRYBREHON.FR.NSE.nfw.AllModif", "..\THIERRYBREHON.FR.nfw.Essentiels\THIERRYBREHON.FR.NSE\THIERRYBREHON.FR.NSE.nfw.AllModif.csproj", "{35109AC5-BD4F-4AB5-963B-4BAF7EED6D30}"
EndProject
Project("{FAE04EC0-301F-11D3-BF4B-00C04F79EFBC}") = "THIERRYBREHON.FR.NSD.nfw.AllModif", "..\THIERRYBREHON.FR.nfw.Data\THIERRYBREHON.FR.NSD\THIERRYBREHON.FR.NSD.nfw.AllModif.csproj", "{DDC1CA85-3278-49D3-80AE-F5C620544906}"
EndProject
Project("{FAE04EC0-301F-11D3-BF4B-00C04F79EFBC}") = "THIERRYBREHON.FR.NSS.nfw.AllModif", "..\THIERRYBREHON.FR.nfw.SQL\THIERRYBREHON.FR.NSS\THIERRYBREHON.FR.NSS.nfw.AllModif.csproj", "{4492673B-E24F-467B-9351-72510831DDBE}"
EndProject
Project("{FAE04EC0-301F-11D3-BF4B-00C04F79EFBC}") = "THIERRYBREHON.FR.NSB.nfw.AllModif", "..\THIERRYBREHON.FR.nfw.Business\THIERRYBREHON.FR.NSB\THIERRYBREHON.FR.NSB.nfw.AllModif.csproj", "{375D8247-BACA-4500-9D8E-C128C0066CD1}"
EndProject
Project("{FAE04EC0-301F-11D3-BF4B-00C04F79EFBC}") = "SERV_THIERRYBREHON.FR.SERVICE.NSR.nfw.AllModif", "..\THIERRYBREHON.FR.nfw.Service\SERV_THIERRYBREHON.FR.SERVICE.NSR\SERV_THIERRYBREHON.FR.SERVICE.NSR.nfw.AllModif.csproj", "{BAEBB814-41E0-4C7C-94E6-F9A5900D1459}"
EndProject
Project("{FAE04EC0-301F-11D3-BF4B-00C04F79EFBC}") = "SERV_THIERRYBREHON.FR.SERVICE.NSD.nfw.AllModif", "..\THIERRYBREHON.FR.nfw.Service\SERV_THIERRYBREHON.FR.SERVICE.NSD\SERV_THIERRYBREHON.FR.SERVICE.NSD.nfw.AllModif.csproj", "{2A79AF8C-18FE-4151-AC04-32DBB19E503E}"
EndProject
Project("{FAE04EC0-301F-11D3-BF4B-00C04F79EFBC}") = "SERV_THIERRYBREHON.FR.SERVICE.NSS.nfw.AllModif", "..\THIERRYBREHON.FR.nfw.Service\SERV_THIERRYBREHON.FR.SERVICE.NSS\SERV_THIERRYBREHON.FR.SERVICE.NSS.nfw.AllModif.csproj", "{924B1136-AE23-4497-9A60-6187D2C0EC6A}"
EndProject
Project("{FAE04EC0-301F-11D3-BF4B-00C04F79EFBC}") = "SERV_THIERRYBREHON.FR.SERVICE.NSB.nfw.AllModif", "..\THIERRYBREHON.FR.nfw.Service\SERV_THIERRYBREHON.FR.SERVICE.NSB\SERV_THIERRYBREHON.FR.SERVICE.NSB.nfw.AllModif.csproj", "{4D53E6C2-335E-4F35-8A3A-162EB3A35BC9}"
EndProject
Project("{FAE04EC0-301F-11D3-BF4B-00C04F79EFBC}") = "SERV_THIERRYBREHON.FR.SERVICE.ImpExp.nfw.AllModif", "..\THIERRYBREHON.FR.nfw.Service\SERV_THIERRYBREHON.FR.SERVICE.ImpExp\SERV_THIERRYBREHON.FR.SERVICE.ImpExp.nfw.AllModif.csproj", "{9FFDC593-B728-4FE1-B3B0-5C74B4D1A46F}"
EndProject
Project("{FAE04EC0-301F-11D3-BF4B-00C04F79EFBC}") = "ET_Thierry.NSR.nfw.AllModif", "..\THIERRYBREHON.FR.nfw.Thierry\ET_Thierry.NSR\ET_Thierry.NSR.nfw.AllModif.csproj", "{12C4A928-B5EE-43C3-B592-C9F228FC5752}"
EndProject
Project("{FAE04EC0-301F-11D3-BF4B-00C04F79EFBC}") = "ET_Thierry.NSD.nfw.AllModif", "..\THIERRYBREHON.FR.nfw.Thierry\ET_Thierry.NSD\ET_Thierry.NSD.nfw.AllModif.csproj", "{3FF1A155-5E4F-4F82-BFD0-CF2412125BC6}"
EndProject
Project("{FAE04EC0-301F-11D3-BF4B-00C04F79EFBC}") = "ET_Thierry.NSS.nfw.AllModif", "..\THIERRYBREHON.FR.nfw.Thierry\ET_Thierry.NSS\ET_Thierry.NSS.nfw.AllModif.csproj", "{BF47FD09-88DD-4D25-B976-0D4AF947D185}"
EndProject
Project("{FAE04EC0-301F-11D3-BF4B-00C04F79EFBC}") = "ET_Thierry.NSB.nfw.AllModif", "..\THIERRYBREHON.FR.nfw.Thierry\ET_Thierry.NSB\ET_Thierry.NSB.nfw.AllModif.csproj", "{FFC25611-1AB6-49E6-A694-60F55C0F7878}"
EndProject
Project("{FAE04EC0-301F-11D3-BF4B-00C04F79EFBC}") = "ET_Thierry.NSP.nfw.AllModif", "..\THIERRYBREHON.FR.nfw.Thierry\ET_Thierry.NSP\ET_Thierry.NSP.nfw.AllModif.csproj", "{08D08F1F-3548-430F-ABAF-6AC644D292B5}"
EndProject
Project("{FAE04EC0-301F-11D3-BF4B-00C04F79EFBC}") = "THIERRYBREHON.FR.Web.nfw.AllModif", "..\THIERRYBREHON.FR.nfw.Ihm\THIERRYBREHON.FR.Web\THIERRYBREHON.FR.Web.nfw.AllModif.csproj", "{A3A869D2-F4AF-4B4A-B22C-71E0853E9CFB}"
EndProject
Project("{FAE04EC0-301F-11D3-BF4B-00C04F79EFBC}") = "THIERRYBREHON.FR.NSP.nfw.AllModif", "..\THIERRYBREHON.FR.nfw.Ihm\THIERRYBREHON.FR.NSP\THIERRYBREHON.FR.NSP.nfw.AllModif.csproj", "{C081919D-02A6-4454-AEDF-AF566E52A058}"
EndProject
Project("{FAE04EC0-301F-11D3-BF4B-00C04F79EFBC}") = "DB_DataBasePL.NSR.nfw.AllModif", "DBPL_DataBasePL.NSR\DB_DataBasePL.NSR.nfw.AllModif.csproj", "{69EE9A5C-80BA-4786-84E1-BE764CEB8B88}"
EndProject
Project("{FAE04EC0-301F-11D3-BF4B-00C04F79EFBC}") = "DB_DataBasePL.NSD.nfw.AllModif", "DBPL_DataBasePL.NSD\DB_DataBasePL.NSD.nfw.AllModif.csproj", "{76DBECF9-B7A1-4D0D-9CF2-370A32FB5D69}"
EndProject
Project("{FAE04EC0-301F-11D3-BF4B-00C04F79EFBC}") = "DB_DataBasePL.NSS.nfw.AllModif", "DBPL_DataBasePL.NSS\DB_DataBasePL.NSS.nfw.AllModif.csproj", "{ABF86B72-15C8-4328-AA4C-F603D0170F16}"
EndProject
Project("{FAE04EC0-301F-11D3-BF4B-00C04F79EFBC}") = "DB_DataBasePL.NSB.nfw.AllModif", "DBPL_DataBasePL.NSB\DB_DataBasePL.NSB.nfw.AllModif.csproj", "{45F03B92-C168-40DF-AF67-5EC08CB98A45}"
EndProject
Project("{FAE04EC0-301F-11D3-BF4B-00C04F79EFBC}") = "PL_Planning.NSR.nfw.AllModif", "PL_Planning.NSR\PL_Planning.NSR.nfw.AllModif.csproj", "{3B22A48B-06E3-4D30-A68C-2D0C5DF51397}"
EndProject
Project("{FAE04EC0-301F-11D3-BF4B-00C04F79EFBC}") = "PL_Planning.NSD.nfw.AllModif", "PL_Planning.NSD\PL_Planning.NSD.nfw.AllModif.csproj", "{F533F844-B404-425D-BBA8-1296C75BDD81}"
EndProject
Project("{FAE04EC0-301F-11D3-BF4B-00C04F79EFBC}") = "PL_Planning.NSS.nfw.AllModif", "PL_Planning.NSS\PL_Planning.NSS.nfw.AllModif.csproj", "{ED60CA7F-1C3C-4717-B335-E8C5986DCADA}"
EndProject
Project("{FAE04EC0-301F-11D3-BF4B-00C04F79EFBC}") = "PL_Planning.NSB.nfw.AllModif", "PL_Planning.NSB\PL_Planning.NSB.nfw.AllModif.csproj", "{DA5C4C61-94BC-400A-AC9E-CA1BC5B8C3D1}"
EndProject
Project("{FAE04EC0-301F-11D3-BF4B-00C04F79EFBC}") = "PL_Planning.NSP.nfw.AllModif", "PL_Planning.NSP\PL_Planning.NSP.nfw.AllModif.csproj", "{9BF61616-6D65-4409-90F4-FA977E25B2B7}"
EndProject
Project("{E24C65DC-7377-472B-9ABA-BC803B73C61A}") = "www_Planning", "www_Planning\", "{02651746-F1ED-46C7-AF8C-15FFC3B7ABF1}"
	ProjectSection(WebsiteProperties) = preProject
		TargetFrameworkMoniker = ".NETFramework,Version%3Dv4.8"
		ProjectReferences = "{45f03b92-c168-40df-af67-5ec08cb98a45}|DataBasePL.NSB.nfw.dll;{76dbecf9-b7a1-4d0d-9cf2-370a32fb5d69}|DataBasePL.NSD.nfw.dll;{69ee9a5c-80ba-4786-84e1-be764ceb8b88}|DataBasePL.NSR.nfw.dll;{abf86b72-15c8-4328-aa4c-f603d0170f16}|DataBasePL.NSS.nfw.dll;{ffc25611-1ab6-49e6-a694-60f55c0f7878}|Thierry.NSB.nfw.dll;{3ff1a155-5e4f-4f82-bfd0-cf2412125bc6}|Thierry.NSD.nfw.dll;{08d08f1f-3548-430f-abaf-6ac644d292b5}|Thierry.NSP.nfw.dll;{12c4a928-b5ee-43c3-b592-c9f228fc5752}|Thierry.NSR.nfw.dll;{bf47fd09-88dd-4d25-b976-0d4af947d185}|Thierry.NSS.nfw.dll;{da5c4c61-94bc-400a-ac9e-ca1bc5b8c3d1}|Planning.NSB.nfw.dll;{f533f844-b404-425d-bba8-1296c75bdd81}|Planning.NSD.nfw.dll;{9bf61616-6d65-4409-90f4-fa977e25b2b7}|Planning.NSP.nfw.dll;{3b22a48b-06e3-4d30-a68c-2d0c5df51397}|Planning.NSR.nfw.dll;{ed60ca7f-1c3c-4717-b335-e8c5986dcada}|Planning.NSS.nfw.dll;{9ffdc593-b728-4fe1-b3b0-5c74b4d1a46f}|THIERRYBREHON.FR.ImpExp.nfw.dll;{4d53e6c2-335e-4f35-8a3a-162eb3a35bc9}|THIERRYBREHON.FR.SERVICE.NSB.nfw.dll;{2a79af8c-18fe-4151-ac04-32dbb19e503e}|THIERRYBREHON.FR.SERVICE.NSD.nfw.dll;{baebb814-41e0-4c7c-94e6-f9a5900d1459}|THIERRYBREHON.FR.SERVICE.NSR.nfw.dll;{924b1136-ae23-4497-9a60-6187d2c0ec6a}|THIERRYBREHON.FR.SERVICE.NSS.nfw.dll;{375d8247-baca-4500-9d8e-c128c0066cd1}|THIERRYBREHON.FR.NSB.nfw.dll;{ddc1ca85-3278-49d3-80ae-f5c620544906}|THIERRYBREHON.FR.NSD.nfw.dll;{35109ac5-bd4f-4ab5-963b-4baf7eed6d30}|THIERRYBREHON.FR.NSE.nfw.dll;{c081919d-02a6-4454-aedf-af566e52a058}|THIERRYBREHON.FR.NSP.nfw.dll;{09bd7f23-cedf-4921-823e-0e53e809af1f}|THIERRYBREHON.FR.NSR.nfw.dll;{4492673b-e24f-467b-9351-72510831ddbe}|THIERRYBREHON.FR.NSS.nfw.dll;{a3a869d2-f4af-4b4a-b22c-71e0853e9cfb}|THIERRYBREHON.FR.Web.nfw.dll;{131e9a4f-bf3d-40d3-a2af-7d2e9402b067}|THIERRYBREHON.FR.X.MSSQL.nfw.dll;{dee667ae-7412-4540-8e1e-ea8a83855c13}|THIERRYBREHON.FR.X.nfw.dll;{7bf847ae-f716-4a30-bd7c-1840c8cfd5ee}|THIERRYBREHON.FR.Mail.nfw.dll;"
		Debug.AspNetCompiler.VirtualPath = "/localhost_55620"
		Debug.AspNetCompiler.PhysicalPath = "www_Planning\"
		Debug.AspNetCompiler.TargetPath = "PrecompiledWeb\localhost_55620\"
		Debug.AspNetCompiler.Updateable = "true"
		Debug.AspNetCompiler.ForceOverwrite = "true"
		Debug.AspNetCompiler.FixedNames = "false"
		Debug.AspNetCompiler.Debug = "True"
		Release.AspNetCompiler.VirtualPath = "/localhost_55620"
		Release.AspNetCompiler.PhysicalPath = "www_Planning\"
		Release.AspNetCompiler.TargetPath = "PrecompiledWeb\localhost_55620\"
		Release.AspNetCompiler.Updateable = "true"
		Release.AspNetCompiler.ForceOverwrite = "true"
		Release.AspNetCompiler.FixedNames = "false"
		Release.AspNetCompiler.Debug = "False"
		VWDPort = "55620"
		SlnRelativePath = "www_Planning\"
	EndProjectSection
EndProject
Project("{FAE04EC0-301F-11D3-BF4B-00C04F79EFBC}") = "THIERRYBREHON.FR.Mail.nfw.AllModif", "..\THIERRYBREHON.FR.nfw.Office\THIERRYBREHON.FR.Mail\THIERRYBREHON.FR.Mail.nfw.AllModif.csproj", "{7BF847AE-F716-4A30-BD7C-1840C8CFD5EE}"
EndProject
Global
	GlobalSection(SolutionConfigurationPlatforms) = preSolution
		Debug|Any CPU = Debug|Any CPU
		Release|Any CPU = Release|Any CPU
	EndGlobalSection
	GlobalSection(ProjectConfigurationPlatforms) = postSolution
		{09BD7F23-CEDF-4921-823E-0E53E809AF1F}.Debug|Any CPU.ActiveCfg = Debug|Any CPU
		{09BD7F23-CEDF-4921-823E-0E53E809AF1F}.Debug|Any CPU.Build.0 = Debug|Any CPU
		{09BD7F23-CEDF-4921-823E-0E53E809AF1F}.Release|Any CPU.ActiveCfg = Release|Any CPU
		{09BD7F23-CEDF-4921-823E-0E53E809AF1F}.Release|Any CPU.Build.0 = Release|Any CPU
		{DEE667AE-7412-4540-8E1E-EA8A83855C13}.Debug|Any CPU.ActiveCfg = Debug|Any CPU
		{DEE667AE-7412-4540-8E1E-EA8A83855C13}.Debug|Any CPU.Build.0 = Debug|Any CPU
		{DEE667AE-7412-4540-8E1E-EA8A83855C13}.Release|Any CPU.ActiveCfg = Release|Any CPU
		{DEE667AE-7412-4540-8E1E-EA8A83855C13}.Release|Any CPU.Build.0 = Release|Any CPU
		{131E9A4F-BF3D-40D3-A2AF-7D2E9402B067}.Debug|Any CPU.ActiveCfg = Debug|Any CPU
		{131E9A4F-BF3D-40D3-A2AF-7D2E9402B067}.Debug|Any CPU.Build.0 = Debug|Any CPU
		{131E9A4F-BF3D-40D3-A2AF-7D2E9402B067}.Release|Any CPU.ActiveCfg = Release|Any CPU
		{131E9A4F-BF3D-40D3-A2AF-7D2E9402B067}.Release|Any CPU.Build.0 = Release|Any CPU
		{35109AC5-BD4F-4AB5-963B-4BAF7EED6D30}.Debug|Any CPU.ActiveCfg = Debug|Any CPU
		{35109AC5-BD4F-4AB5-963B-4BAF7EED6D30}.Debug|Any CPU.Build.0 = Debug|Any CPU
		{35109AC5-BD4F-4AB5-963B-4BAF7EED6D30}.Release|Any CPU.ActiveCfg = Release|Any CPU
		{35109AC5-BD4F-4AB5-963B-4BAF7EED6D30}.Release|Any CPU.Build.0 = Release|Any CPU
		{DDC1CA85-3278-49D3-80AE-F5C620544906}.Debug|Any CPU.ActiveCfg = Debug|Any CPU
		{DDC1CA85-3278-49D3-80AE-F5C620544906}.Debug|Any CPU.Build.0 = Debug|Any CPU
		{DDC1CA85-3278-49D3-80AE-F5C620544906}.Release|Any CPU.ActiveCfg = Release|Any CPU
		{DDC1CA85-3278-49D3-80AE-F5C620544906}.Release|Any CPU.Build.0 = Release|Any CPU
		{4492673B-E24F-467B-9351-72510831DDBE}.Debug|Any CPU.ActiveCfg = Debug|Any CPU
		{4492673B-E24F-467B-9351-72510831DDBE}.Debug|Any CPU.Build.0 = Debug|Any CPU
		{4492673B-E24F-467B-9351-72510831DDBE}.Release|Any CPU.ActiveCfg = Release|Any CPU
		{4492673B-E24F-467B-9351-72510831DDBE}.Release|Any CPU.Build.0 = Release|Any CPU
		{375D8247-BACA-4500-9D8E-C128C0066CD1}.Debug|Any CPU.ActiveCfg = Debug|Any CPU
		{375D8247-BACA-4500-9D8E-C128C0066CD1}.Debug|Any CPU.Build.0 = Debug|Any CPU
		{375D8247-BACA-4500-9D8E-C128C0066CD1}.Release|Any CPU.ActiveCfg = Release|Any CPU
		{375D8247-BACA-4500-9D8E-C128C0066CD1}.Release|Any CPU.Build.0 = Release|Any CPU
		{BAEBB814-41E0-4C7C-94E6-F9A5900D1459}.Debug|Any CPU.ActiveCfg = Debug|Any CPU
		{BAEBB814-41E0-4C7C-94E6-F9A5900D1459}.Debug|Any CPU.Build.0 = Debug|Any CPU
		{BAEBB814-41E0-4C7C-94E6-F9A5900D1459}.Release|Any CPU.ActiveCfg = Release|Any CPU
		{BAEBB814-41E0-4C7C-94E6-F9A5900D1459}.Release|Any CPU.Build.0 = Release|Any CPU
		{2A79AF8C-18FE-4151-AC04-32DBB19E503E}.Debug|Any CPU.ActiveCfg = Debug|Any CPU
		{2A79AF8C-18FE-4151-AC04-32DBB19E503E}.Debug|Any CPU.Build.0 = Debug|Any CPU
		{2A79AF8C-18FE-4151-AC04-32DBB19E503E}.Release|Any CPU.ActiveCfg = Release|Any CPU
		{2A79AF8C-18FE-4151-AC04-32DBB19E503E}.Release|Any CPU.Build.0 = Release|Any CPU
		{924B1136-AE23-4497-9A60-6187D2C0EC6A}.Debug|Any CPU.ActiveCfg = Debug|Any CPU
		{924B1136-AE23-4497-9A60-6187D2C0EC6A}.Debug|Any CPU.Build.0 = Debug|Any CPU
		{924B1136-AE23-4497-9A60-6187D2C0EC6A}.Release|Any CPU.ActiveCfg = Release|Any CPU
		{924B1136-AE23-4497-9A60-6187D2C0EC6A}.Release|Any CPU.Build.0 = Release|Any CPU
		{4D53E6C2-335E-4F35-8A3A-162EB3A35BC9}.Debug|Any CPU.ActiveCfg = Debug|Any CPU
		{4D53E6C2-335E-4F35-8A3A-162EB3A35BC9}.Debug|Any CPU.Build.0 = Debug|Any CPU
		{4D53E6C2-335E-4F35-8A3A-162EB3A35BC9}.Release|Any CPU.ActiveCfg = Release|Any CPU
		{4D53E6C2-335E-4F35-8A3A-162EB3A35BC9}.Release|Any CPU.Build.0 = Release|Any CPU
		{9FFDC593-B728-4FE1-B3B0-5C74B4D1A46F}.Debug|Any CPU.ActiveCfg = Debug|Any CPU
		{9FFDC593-B728-4FE1-B3B0-5C74B4D1A46F}.Debug|Any CPU.Build.0 = Debug|Any CPU
		{9FFDC593-B728-4FE1-B3B0-5C74B4D1A46F}.Release|Any CPU.ActiveCfg = Release|Any CPU
		{9FFDC593-B728-4FE1-B3B0-5C74B4D1A46F}.Release|Any CPU.Build.0 = Release|Any CPU
		{12C4A928-B5EE-43C3-B592-C9F228FC5752}.Debug|Any CPU.ActiveCfg = Debug|Any CPU
		{12C4A928-B5EE-43C3-B592-C9F228FC5752}.Debug|Any CPU.Build.0 = Debug|Any CPU
		{12C4A928-B5EE-43C3-B592-C9F228FC5752}.Release|Any CPU.ActiveCfg = Release|Any CPU
		{12C4A928-B5EE-43C3-B592-C9F228FC5752}.Release|Any CPU.Build.0 = Release|Any CPU
		{3FF1A155-5E4F-4F82-BFD0-CF2412125BC6}.Debug|Any CPU.ActiveCfg = Debug|Any CPU
		{3FF1A155-5E4F-4F82-BFD0-CF2412125BC6}.Debug|Any CPU.Build.0 = Debug|Any CPU
		{3FF1A155-5E4F-4F82-BFD0-CF2412125BC6}.Release|Any CPU.ActiveCfg = Release|Any CPU
		{3FF1A155-5E4F-4F82-BFD0-CF2412125BC6}.Release|Any CPU.Build.0 = Release|Any CPU
		{BF47FD09-88DD-4D25-B976-0D4AF947D185}.Debug|Any CPU.ActiveCfg = Debug|Any CPU
		{BF47FD09-88DD-4D25-B976-0D4AF947D185}.Debug|Any CPU.Build.0 = Debug|Any CPU
		{BF47FD09-88DD-4D25-B976-0D4AF947D185}.Release|Any CPU.ActiveCfg = Release|Any CPU
		{BF47FD09-88DD-4D25-B976-0D4AF947D185}.Release|Any CPU.Build.0 = Release|Any CPU
		{FFC25611-1AB6-49E6-A694-60F55C0F7878}.Debug|Any CPU.ActiveCfg = Debug|Any CPU
		{FFC25611-1AB6-49E6-A694-60F55C0F7878}.Debug|Any CPU.Build.0 = Debug|Any CPU
		{FFC25611-1AB6-49E6-A694-60F55C0F7878}.Release|Any CPU.ActiveCfg = Release|Any CPU
		{FFC25611-1AB6-49E6-A694-60F55C0F7878}.Release|Any CPU.Build.0 = Release|Any CPU
		{08D08F1F-3548-430F-ABAF-6AC644D292B5}.Debug|Any CPU.ActiveCfg = Debug|Any CPU
		{08D08F1F-3548-430F-ABAF-6AC644D292B5}.Debug|Any CPU.Build.0 = Debug|Any CPU
		{08D08F1F-3548-430F-ABAF-6AC644D292B5}.Release|Any CPU.ActiveCfg = Release|Any CPU
		{08D08F1F-3548-430F-ABAF-6AC644D292B5}.Release|Any CPU.Build.0 = Release|Any CPU
		{A3A869D2-F4AF-4B4A-B22C-71E0853E9CFB}.Debug|Any CPU.ActiveCfg = Debug|Any CPU
		{A3A869D2-F4AF-4B4A-B22C-71E0853E9CFB}.Debug|Any CPU.Build.0 = Debug|Any CPU
		{A3A869D2-F4AF-4B4A-B22C-71E0853E9CFB}.Release|Any CPU.ActiveCfg = Release|Any CPU
		{A3A869D2-F4AF-4B4A-B22C-71E0853E9CFB}.Release|Any CPU.Build.0 = Release|Any CPU
		{C081919D-02A6-4454-AEDF-AF566E52A058}.Debug|Any CPU.ActiveCfg = Debug|Any CPU
		{C081919D-02A6-4454-AEDF-AF566E52A058}.Debug|Any CPU.Build.0 = Debug|Any CPU
		{C081919D-02A6-4454-AEDF-AF566E52A058}.Release|Any CPU.ActiveCfg = Release|Any CPU
		{C081919D-02A6-4454-AEDF-AF566E52A058}.Release|Any CPU.Build.0 = Release|Any CPU
		{69EE9A5C-80BA-4786-84E1-BE764CEB8B88}.Debug|Any CPU.ActiveCfg = Debug|Any CPU
		{69EE9A5C-80BA-4786-84E1-BE764CEB8B88}.Debug|Any CPU.Build.0 = Debug|Any CPU
		{69EE9A5C-80BA-4786-84E1-BE764CEB8B88}.Release|Any CPU.ActiveCfg = Release|Any CPU
		{69EE9A5C-80BA-4786-84E1-BE764CEB8B88}.Release|Any CPU.Build.0 = Release|Any CPU
		{76DBECF9-B7A1-4D0D-9CF2-370A32FB5D69}.Debug|Any CPU.ActiveCfg = Debug|Any CPU
		{76DBECF9-B7A1-4D0D-9CF2-370A32FB5D69}.Debug|Any CPU.Build.0 = Debug|Any CPU
		{76DBECF9-B7A1-4D0D-9CF2-370A32FB5D69}.Release|Any CPU.ActiveCfg = Release|Any CPU
		{76DBECF9-B7A1-4D0D-9CF2-370A32FB5D69}.Release|Any CPU.Build.0 = Release|Any CPU
		{ABF86B72-15C8-4328-AA4C-F603D0170F16}.Debug|Any CPU.ActiveCfg = Debug|Any CPU
		{ABF86B72-15C8-4328-AA4C-F603D0170F16}.Debug|Any CPU.Build.0 = Debug|Any CPU
		{ABF86B72-15C8-4328-AA4C-F603D0170F16}.Release|Any CPU.ActiveCfg = Release|Any CPU
		{ABF86B72-15C8-4328-AA4C-F603D0170F16}.Release|Any CPU.Build.0 = Release|Any CPU
		{45F03B92-C168-40DF-AF67-5EC08CB98A45}.Debug|Any CPU.ActiveCfg = Debug|Any CPU
		{45F03B92-C168-40DF-AF67-5EC08CB98A45}.Debug|Any CPU.Build.0 = Debug|Any CPU
		{45F03B92-C168-40DF-AF67-5EC08CB98A45}.Release|Any CPU.ActiveCfg = Release|Any CPU
		{45F03B92-C168-40DF-AF67-5EC08CB98A45}.Release|Any CPU.Build.0 = Release|Any CPU
		{3B22A48B-06E3-4D30-A68C-2D0C5DF51397}.Debug|Any CPU.ActiveCfg = Debug|Any CPU
		{3B22A48B-06E3-4D30-A68C-2D0C5DF51397}.Debug|Any CPU.Build.0 = Debug|Any CPU
		{3B22A48B-06E3-4D30-A68C-2D0C5DF51397}.Release|Any CPU.ActiveCfg = Release|Any CPU
		{3B22A48B-06E3-4D30-A68C-2D0C5DF51397}.Release|Any CPU.Build.0 = Release|Any CPU
		{F533F844-B404-425D-BBA8-1296C75BDD81}.Debug|Any CPU.ActiveCfg = Debug|Any CPU
		{F533F844-B404-425D-BBA8-1296C75BDD81}.Debug|Any CPU.Build.0 = Debug|Any CPU
		{F533F844-B404-425D-BBA8-1296C75BDD81}.Release|Any CPU.ActiveCfg = Release|Any CPU
		{F533F844-B404-425D-BBA8-1296C75BDD81}.Release|Any CPU.Build.0 = Release|Any CPU
		{ED60CA7F-1C3C-4717-B335-E8C5986DCADA}.Debug|Any CPU.ActiveCfg = Debug|Any CPU
		{ED60CA7F-1C3C-4717-B335-E8C5986DCADA}.Debug|Any CPU.Build.0 = Debug|Any CPU
		{ED60CA7F-1C3C-4717-B335-E8C5986DCADA}.Release|Any CPU.ActiveCfg = Release|Any CPU
		{ED60CA7F-1C3C-4717-B335-E8C5986DCADA}.Release|Any CPU.Build.0 = Release|Any CPU
		{DA5C4C61-94BC-400A-AC9E-CA1BC5B8C3D1}.Debug|Any CPU.ActiveCfg = Debug|Any CPU
		{DA5C4C61-94BC-400A-AC9E-CA1BC5B8C3D1}.Debug|Any CPU.Build.0 = Debug|Any CPU
		{DA5C4C61-94BC-400A-AC9E-CA1BC5B8C3D1}.Release|Any CPU.ActiveCfg = Release|Any CPU
		{DA5C4C61-94BC-400A-AC9E-CA1BC5B8C3D1}.Release|Any CPU.Build.0 = Release|Any CPU
		{9BF61616-6D65-4409-90F4-FA977E25B2B7}.Debug|Any CPU.ActiveCfg = Debug|Any CPU
		{9BF61616-6D65-4409-90F4-FA977E25B2B7}.Debug|Any CPU.Build.0 = Debug|Any CPU
		{9BF61616-6D65-4409-90F4-FA977E25B2B7}.Release|Any CPU.ActiveCfg = Release|Any CPU
		{9BF61616-6D65-4409-90F4-FA977E25B2B7}.Release|Any CPU.Build.0 = Release|Any CPU
		{02651746-F1ED-46C7-AF8C-15FFC3B7ABF1}.Debug|Any CPU.ActiveCfg = Debug|Any CPU
		{02651746-F1ED-46C7-AF8C-15FFC3B7ABF1}.Debug|Any CPU.Build.0 = Debug|Any CPU
		{02651746-F1ED-46C7-AF8C-15FFC3B7ABF1}.Release|Any CPU.ActiveCfg = Debug|Any CPU
		{02651746-F1ED-46C7-AF8C-15FFC3B7ABF1}.Release|Any CPU.Build.0 = Debug|Any CPU
		{7BF847AE-F716-4A30-BD7C-1840C8CFD5EE}.Debug|Any CPU.ActiveCfg = Debug|Any CPU
		{7BF847AE-F716-4A30-BD7C-1840C8CFD5EE}.Debug|Any CPU.Build.0 = Debug|Any CPU
		{7BF847AE-F716-4A30-BD7C-1840C8CFD5EE}.Release|Any CPU.ActiveCfg = Release|Any CPU
		{7BF847AE-F716-4A30-BD7C-1840C8CFD5EE}.Release|Any CPU.Build.0 = Release|Any CPU
	EndGlobalSection
	GlobalSection(SolutionProperties) = preSolution
		HideSolutionNode = FALSE
	EndGlobalSection
	GlobalSection(ExtensibilityGlobals) = postSolution
		SolutionGuid = {6EB6CC34-47D0-47B9-BEE9-0F79CCF036EB}
	EndGlobalSection
EndGlobal
